<?xml version="1.0" encoding="utf-8"?>
<Project ToolsVersion="4.0" xmlns="http://schemas.microsoft.com/developer/msbuild/2003">
  <ItemGroup>
    <Filter Include="Object">
      <UniqueIdentifier>{2ea7ea36-112f-47ff-b95f-bcc3edb25afc}</UniqueIdentifier>
    </Filter>
    <Filter Include="PreCompile">
      <UniqueIdentifier>{02009b2e-f1dd-43f3-bb03-8d8d3c3ce1de}</UniqueIdentifier>
    </Filter>
    <Filter Include="Object\Transform">
      <UniqueIdentifier>{4a460fa5-120c-4301-ad97-b89c149b2557}</UniqueIdentifier>
    </Filter>
    <Filter Include="Rendering">
      <UniqueIdentifier>{4afdb6fa-d703-41a3-ad2e-b32170da1064}</UniqueIdentifier>
    </Filter>
    <Filter Include="Resources">
      <UniqueIdentifier>{f5e8706c-fadd-4a7f-a92a-6d3a8fec1bd8}</UniqueIdentifier>
    </Filter>
    <Filter Include="Device">
      <UniqueIdentifier>{fdbd9a4c-21d8-439e-8735-61bf94778f53}</UniqueIdentifier>
    </Filter>
    <Filter Include="Resources\Texture">
      <UniqueIdentifier>{de8755e9-a409-42b5-a999-888e34ed27e9}</UniqueIdentifier>
    </Filter>
    <Filter Include="Resources\Buffer">
      <UniqueIdentifier>{ebc2bee6-3027-419a-b23a-51cfeaaa9700}</UniqueIdentifier>
    </Filter>
    <Filter Include="Vertex">
      <UniqueIdentifier>{a4fbff0d-fd33-4d7a-836c-c82b18625695}</UniqueIdentifier>
    </Filter>
    <Filter Include="Resources\Shader">
      <UniqueIdentifier>{2abf651a-261e-42bf-96f1-1a9f1ad6188e}</UniqueIdentifier>
    </Filter>
    <Filter Include="Resources\RenderingSetting">
      <UniqueIdentifier>{419342b6-201f-42eb-a979-bcc041b1d56d}</UniqueIdentifier>
    </Filter>
    <Filter Include="ThirdParty">
      <UniqueIdentifier>{f7e2bc89-13f5-44d4-b1f0-cb94ba2717ae}</UniqueIdentifier>
    </Filter>
    <Filter Include="ThirdParty\inc">
      <UniqueIdentifier>{b9c480d4-af12-4e1c-a75c-45bf66e7fc87}</UniqueIdentifier>
    </Filter>
    <Filter Include="ThirdParty\Debug">
      <UniqueIdentifier>{bc67b39f-b6be-49c2-a69a-546a140127fd}</UniqueIdentifier>
    </Filter>
    <Filter Include="ThirdParty\Release">
      <UniqueIdentifier>{43fd46e5-b089-4b24-a5a9-5ac9b963b631}</UniqueIdentifier>
    </Filter>
    <Filter Include="Collision">
      <UniqueIdentifier>{37780df7-c071-4bf7-91c5-c65e4411b008}</UniqueIdentifier>
    </Filter>
    <Filter Include="Rendering\Contents">
      <UniqueIdentifier>{a6d0688b-ca25-4242-bfb7-f6ebe2358b15}</UniqueIdentifier>
    </Filter>
    <Filter Include="Resources\Mesh">
      <UniqueIdentifier>{8200ffa5-c554-4bcb-91fb-ce76ddfc5914}</UniqueIdentifier>
    </Filter>
    <Filter Include="Resources\Material">
      <UniqueIdentifier>{e71f5898-ca16-4d09-8991-e2ed984d620f}</UniqueIdentifier>
    </Filter>
    <Filter Include="Global">
      <UniqueIdentifier>{9bf3d133-8ff4-4514-a4ae-d2ddbb969447}</UniqueIdentifier>
    </Filter>
    <Filter Include="GUI">
      <UniqueIdentifier>{3cc39641-7fa5-4b9f-a667-016cdf3682d1}</UniqueIdentifier>
    </Filter>
    <Filter Include="Contents">
      <UniqueIdentifier>{c338eb2a-945c-4c1a-b259-5c815524a0cd}</UniqueIdentifier>
    </Filter>
    <Filter Include="Resources\Font">
      <UniqueIdentifier>{5fcbd217-5b6d-4f9c-98a5-23e02cb4266d}</UniqueIdentifier>
    </Filter>
    <Filter Include="PathFind">
      <UniqueIdentifier>{89a24fbe-f28a-4c0b-9fec-98423ad17cc7}</UniqueIdentifier>
    </Filter>
    <Filter Include="Rendering\PostEffect">
      <UniqueIdentifier>{ba4bc84f-3cba-48de-878a-2302a9a08b46}</UniqueIdentifier>
    </Filter>
    <Filter Include="GUI\Engine">
      <UniqueIdentifier>{a0cf300c-1100-4353-85a6-fdeef19530a0}</UniqueIdentifier>
    </Filter>
    <Filter Include="Rendering\Compute">
      <UniqueIdentifier>{a6ca3faa-84da-45c5-954b-fddefe155b51}</UniqueIdentifier>
    </Filter>
    <Filter Include="NaviMesh">
      <UniqueIdentifier>{592ac065-5459-4e66-a6b5-bb28d9095a55}</UniqueIdentifier>
    </Filter>
    <Filter Include="Rendering\Light">
      <UniqueIdentifier>{2cc84acd-88db-4f98-af6b-241632fbe373}</UniqueIdentifier>
    </Filter>
    <Filter Include="ThirdParty\PhysX">
      <UniqueIdentifier>{f9724a91-c025-4235-a11e-8fd4f402f19e}</UniqueIdentifier>
    </Filter>
    <Filter Include="ThirdParty\PhysX\inc">
      <UniqueIdentifier>{8aa83726-8c7b-4df6-817f-e647cc51b8bb}</UniqueIdentifier>
    </Filter>
    <Filter Include="ThirdParty\PhysX\inc\characterkinematic">
      <UniqueIdentifier>{e81ca8f2-e5cc-40fb-bb78-601bb456040d}</UniqueIdentifier>
    </Filter>
    <Filter Include="ThirdParty\PhysX\inc\collision">
      <UniqueIdentifier>{59863a73-7fdd-4faa-a224-33e82613b174}</UniqueIdentifier>
    </Filter>
    <Filter Include="ThirdParty\PhysX\inc\common">
      <UniqueIdentifier>{c558295c-4b1a-4aa1-a66f-a5062d561b86}</UniqueIdentifier>
    </Filter>
    <Filter Include="ThirdParty\PhysX\inc\common\windows">
      <UniqueIdentifier>{3f2c8e68-0b53-4621-aeb6-7999c8068531}</UniqueIdentifier>
    </Filter>
    <Filter Include="ThirdParty\PhysX\inc\cooking">
      <UniqueIdentifier>{11c6d70b-c528-495c-8755-0886512bb27f}</UniqueIdentifier>
    </Filter>
    <Filter Include="ThirdParty\PhysX\inc\cudamanager">
      <UniqueIdentifier>{fecdc5ef-2e4b-4bde-8b83-fcfb40076aee}</UniqueIdentifier>
    </Filter>
    <Filter Include="ThirdParty\PhysX\inc\extensions">
      <UniqueIdentifier>{a61ebfeb-cdb4-4e5a-925f-29beaf489596}</UniqueIdentifier>
    </Filter>
    <Filter Include="ThirdParty\PhysX\inc\filebuf">
      <UniqueIdentifier>{6a89d2af-091c-4a46-a8ab-fc9cfd4853e3}</UniqueIdentifier>
    </Filter>
    <Filter Include="ThirdParty\PhysX\inc\foundation">
      <UniqueIdentifier>{6b3272fb-dd4f-472d-bae4-8aee158c77db}</UniqueIdentifier>
    </Filter>
    <Filter Include="ThirdParty\PhysX\inc\foundation\windows">
      <UniqueIdentifier>{59005767-f921-401d-a976-d9e8ee01f74c}</UniqueIdentifier>
    </Filter>
    <Filter Include="ThirdParty\PhysX\inc\geometry">
      <UniqueIdentifier>{e3a4e2d2-3ac4-448a-bc5e-b514cff81bf5}</UniqueIdentifier>
    </Filter>
    <Filter Include="ThirdParty\PhysX\inc\geomutils">
      <UniqueIdentifier>{5901043d-0704-479f-be50-74d0c77abe37}</UniqueIdentifier>
    </Filter>
    <Filter Include="ThirdParty\PhysX\inc\gpu">
      <UniqueIdentifier>{96b591ab-1d94-43da-8f0b-47d113081a0c}</UniqueIdentifier>
    </Filter>
    <Filter Include="ThirdParty\PhysX\inc\gpu\gpu">
      <UniqueIdentifier>{3d8127b9-89e6-4953-8fd8-da7e0729b289}</UniqueIdentifier>
    </Filter>
    <Filter Include="ThirdParty\PhysX\inc\pvd">
      <UniqueIdentifier>{7a4d1fbc-94d2-473f-aa2f-74861767b7f4}</UniqueIdentifier>
    </Filter>
    <Filter Include="ThirdParty\PhysX\inc\solver">
      <UniqueIdentifier>{fecbe23b-0823-4cde-89a5-da11f22d9a46}</UniqueIdentifier>
    </Filter>
    <Filter Include="ThirdParty\PhysX\inc\task">
      <UniqueIdentifier>{338de42f-83ac-42e2-804c-33eb22dd3e34}</UniqueIdentifier>
    </Filter>
    <Filter Include="ThirdParty\PhysX\inc\vehicle">
      <UniqueIdentifier>{3512af8c-bdba-4a2e-bac9-ffc4a4155d91}</UniqueIdentifier>
    </Filter>
    <Filter Include="ThirdParty\PhysX\lib">
      <UniqueIdentifier>{5100f2d6-c792-4b70-bd3e-f29f008817a7}</UniqueIdentifier>
    </Filter>
    <Filter Include="ThirdParty\PhysX\lib\Release">
      <UniqueIdentifier>{6be54016-4976-49bc-8602-eccb8c6b1499}</UniqueIdentifier>
    </Filter>
    <Filter Include="ThirdParty\PhysX\lib\Debug">
      <UniqueIdentifier>{8a1c8ac6-6fba-4c75-8e8a-790ca1e2973e}</UniqueIdentifier>
    </Filter>
    <Filter Include="PhysX">
      <UniqueIdentifier>{e30a7a24-cb8c-4c8d-89c6-761e05c091a4}</UniqueIdentifier>
    </Filter>
    <Filter Include="PhysX\Component">
      <UniqueIdentifier>{fdd8ce92-daa4-4af0-b9cf-f14560ef5036}</UniqueIdentifier>
    </Filter>
    <Filter Include="Global\Debug">
      <UniqueIdentifier>{659a6965-3a7a-4131-9d51-3cb386670c03}</UniqueIdentifier>
    </Filter>
  </ItemGroup>
  <ItemGroup>
    <ClInclude Include="GameEngineActor.h">
      <Filter>Object</Filter>
    </ClInclude>
    <ClInclude Include="GameEngineLevel.h">
      <Filter>Object</Filter>
    </ClInclude>
    <ClInclude Include="GameEngineComponent.h">
      <Filter>Object</Filter>
    </ClInclude>
    <ClInclude Include="GameEngineCore.h" />
    <ClInclude Include="PreCompile.h">
      <Filter>PreCompile</Filter>
    </ClInclude>
    <ClInclude Include="GameEngineObject.h">
      <Filter>Object</Filter>
    </ClInclude>
    <ClInclude Include="GameEngineTransform.h">
      <Filter>Object\Transform</Filter>
    </ClInclude>
    <ClInclude Include="GameEngineCamera.h">
      <Filter>Rendering</Filter>
    </ClInclude>
    <ClInclude Include="GameEngineRenderer.h">
      <Filter>Rendering</Filter>
    </ClInclude>
    <ClInclude Include="GameEngineCoreObject.h">
      <Filter>Object</Filter>
    </ClInclude>
    <ClInclude Include="GameEngineResources.h">
      <Filter>Resources</Filter>
    </ClInclude>
    <ClInclude Include="GameEngineDevice.h">
      <Filter>Device</Filter>
    </ClInclude>
    <ClInclude Include="GameEngineRenderTarget.h">
      <Filter>Resources\Texture</Filter>
    </ClInclude>
    <ClInclude Include="GameEngineTexture.h">
      <Filter>Resources\Texture</Filter>
    </ClInclude>
    <ClInclude Include="GameEngineVertexBuffer.h">
      <Filter>Resources\Buffer</Filter>
    </ClInclude>
    <ClInclude Include="GameEngineDirectBuffer.h">
      <Filter>Resources\Buffer</Filter>
    </ClInclude>
    <ClInclude Include="GameEngineVertex.h">
      <Filter>Vertex</Filter>
    </ClInclude>
    <ClInclude Include="GameEngineInputLayOut.h">
      <Filter>Vertex</Filter>
    </ClInclude>
    <ClInclude Include="GameEngineShader.h">
      <Filter>Resources\Shader</Filter>
    </ClInclude>
    <ClInclude Include="GameEngineVertexShader.h">
      <Filter>Resources\Shader</Filter>
    </ClInclude>
    <ClInclude Include="GameEngineIndexBuffer.h">
      <Filter>Resources\Buffer</Filter>
    </ClInclude>
    <ClInclude Include="GameEngineRasterizer.h">
      <Filter>Resources\RenderingSetting</Filter>
    </ClInclude>
    <ClInclude Include="GameEnginePixelShader.h">
      <Filter>Resources\Shader</Filter>
    </ClInclude>
    <ClInclude Include="GameEngineConstantBuffer.h">
      <Filter>Resources\Buffer</Filter>
    </ClInclude>
    <ClInclude Include="GameEngineSprite.h">
      <Filter>Resources\Texture</Filter>
    </ClInclude>
    <ClInclude Include="ThirdParty\DirectXTex\inc\DirectXTex.h">
      <Filter>ThirdParty\inc</Filter>
    </ClInclude>
    <ClInclude Include="GameEngineSampler.h">
      <Filter>Resources\Texture</Filter>
    </ClInclude>
    <ClInclude Include="GameEngineCollision.h">
      <Filter>Collision</Filter>
    </ClInclude>
    <ClInclude Include="GameEngineCollisionGroup.h">
      <Filter>Collision</Filter>
    </ClInclude>
    <ClInclude Include="GameEngineBlend.h">
      <Filter>Resources\RenderingSetting</Filter>
    </ClInclude>
    <ClInclude Include="GameEngineTileMap.h">
      <Filter>Rendering\Contents</Filter>
    </ClInclude>
    <ClInclude Include="GameEngineShaderResHelper.h">
      <Filter>Resources\Shader</Filter>
    </ClInclude>
    <ClInclude Include="GameEngineMesh.h">
      <Filter>Resources\Mesh</Filter>
    </ClInclude>
    <ClInclude Include="GameEngineMaterial.h">
      <Filter>Resources\Material</Filter>
    </ClInclude>
    <ClInclude Include="GameEngineDebugCore.h">
      <Filter>Global\Debug</Filter>
    </ClInclude>
    <ClInclude Include="EngineEnum.h">
      <Filter>Global</Filter>
    </ClInclude>
    <ClInclude Include="GameEngineSpriteRenderer.h">
      <Filter>Rendering\Contents</Filter>
    </ClInclude>
    <ClInclude Include="GameEngineUIRenderer.h">
      <Filter>Rendering\Contents</Filter>
    </ClInclude>
    <ClInclude Include="GameEngineRenderUnit.h">
      <Filter>Rendering</Filter>
    </ClInclude>
    <ClInclude Include="GameEngineGeometryShader.h">
      <Filter>Resources\Shader</Filter>
    </ClInclude>
    <ClInclude Include="GameEngineDepthStencil.h">
      <Filter>Resources\RenderingSetting</Filter>
    </ClInclude>
    <ClInclude Include="imconfig.h">
      <Filter>GUI</Filter>
    </ClInclude>
    <ClInclude Include="imgui.h">
      <Filter>GUI</Filter>
    </ClInclude>
    <ClInclude Include="imgui_impl_dx11.h">
      <Filter>GUI</Filter>
    </ClInclude>
    <ClInclude Include="imgui_impl_win32.h">
      <Filter>GUI</Filter>
    </ClInclude>
    <ClInclude Include="imgui_internal.h">
      <Filter>GUI</Filter>
    </ClInclude>
    <ClInclude Include="imstb_rectpack.h">
      <Filter>GUI</Filter>
    </ClInclude>
    <ClInclude Include="imstb_textedit.h">
      <Filter>GUI</Filter>
    </ClInclude>
    <ClInclude Include="imstb_truetype.h">
      <Filter>GUI</Filter>
    </ClInclude>
    <ClInclude Include="GameEngineGUI.h">
      <Filter>GUI</Filter>
    </ClInclude>
    <ClInclude Include="GameEngineState.h">
      <Filter>Contents</Filter>
    </ClInclude>
    <ClInclude Include="GameEngineFont.h">
      <Filter>Resources\Font</Filter>
    </ClInclude>
    <ClInclude Include="ThirdParty\FW1FontWrapper\inc\FW1FontWrapper.h">
      <Filter>ThirdParty\inc</Filter>
    </ClInclude>
    <ClInclude Include="AStartPathFinder.h">
      <Filter>PathFind</Filter>
    </ClInclude>
    <ClInclude Include="FadePostEffect.h">
      <Filter>Rendering\PostEffect</Filter>
    </ClInclude>
    <ClInclude Include="GameEngineCoreWindow.h">
      <Filter>GUI\Engine</Filter>
    </ClInclude>
    <ClInclude Include="BlurPostEffect.h">
      <Filter>Rendering\PostEffect</Filter>
    </ClInclude>
    <ClInclude Include="GameEngineStructuredBuffer.h">
      <Filter>Resources\Buffer</Filter>
    </ClInclude>
    <ClInclude Include="GameEngineComputeShader.h">
      <Filter>Resources\Shader</Filter>
    </ClInclude>
    <ClInclude Include="GameEngineComputeUnit.h">
      <Filter>Rendering\Compute</Filter>
    </ClInclude>
    <ClInclude Include="GameEngineParticleRenderer.h">
      <Filter>Rendering\Contents</Filter>
    </ClInclude>
    <ClInclude Include="GameEngineFBX.h">
      <Filter>Resources\Mesh</Filter>
    </ClInclude>
    <ClInclude Include="GameEngineFBXMesh.h">
      <Filter>Resources\Mesh</Filter>
    </ClInclude>
    <ClInclude Include="GameEngineFBXAnimation.h">
      <Filter>Resources\Mesh</Filter>
    </ClInclude>
    <ClInclude Include="ThirdParty\Fbx\inc\fbxsdk.h">
      <Filter>ThirdParty\inc</Filter>
    </ClInclude>
    <ClInclude Include="GameEngineFBXRenderer.h">
      <Filter>Rendering\Contents</Filter>
    </ClInclude>
    <ClInclude Include="NaviMesh.h">
      <Filter>NaviMesh</Filter>
    </ClInclude>
    <ClInclude Include="GameEngineLight.h">
      <Filter>Rendering\Light</Filter>
    </ClInclude>
    <ClInclude Include="GameEnginePhysX.h">
      <Filter>PhysX</Filter>
    </ClInclude>
    <ClInclude Include="ThirdParty\PhysX\inc\characterkinematic\PxController.h">
      <Filter>ThirdParty\PhysX\inc\characterkinematic</Filter>
    </ClInclude>
    <ClInclude Include="ThirdParty\PhysX\inc\characterkinematic\PxControllerBehavior.h">
      <Filter>ThirdParty\PhysX\inc\characterkinematic</Filter>
    </ClInclude>
    <ClInclude Include="ThirdParty\PhysX\inc\characterkinematic\PxControllerManager.h">
      <Filter>ThirdParty\PhysX\inc\characterkinematic</Filter>
    </ClInclude>
    <ClInclude Include="ThirdParty\PhysX\inc\characterkinematic\PxControllerObstacles.h">
      <Filter>ThirdParty\PhysX\inc\characterkinematic</Filter>
    </ClInclude>
    <ClInclude Include="ThirdParty\PhysX\inc\characterkinematic\PxExtended.h">
      <Filter>ThirdParty\PhysX\inc\characterkinematic</Filter>
    </ClInclude>
    <ClInclude Include="ThirdParty\PhysX\inc\characterkinematic\PxBoxController.h">
      <Filter>ThirdParty\PhysX\inc\characterkinematic</Filter>
    </ClInclude>
    <ClInclude Include="ThirdParty\PhysX\inc\characterkinematic\PxCapsuleController.h">
      <Filter>ThirdParty\PhysX\inc\characterkinematic</Filter>
    </ClInclude>
    <ClInclude Include="ThirdParty\PhysX\inc\collision\PxCollisionDefs.h">
      <Filter>ThirdParty\PhysX\inc\collision</Filter>
    </ClInclude>
    <ClInclude Include="ThirdParty\PhysX\inc\common\PxBase.h">
      <Filter>ThirdParty\PhysX\inc\common</Filter>
    </ClInclude>
    <ClInclude Include="ThirdParty\PhysX\inc\common\PxCollection.h">
      <Filter>ThirdParty\PhysX\inc\common</Filter>
    </ClInclude>
    <ClInclude Include="ThirdParty\PhysX\inc\common\PxCoreUtilityTypes.h">
      <Filter>ThirdParty\PhysX\inc\common</Filter>
    </ClInclude>
    <ClInclude Include="ThirdParty\PhysX\inc\common\PxMetaData.h">
      <Filter>ThirdParty\PhysX\inc\common</Filter>
    </ClInclude>
    <ClInclude Include="ThirdParty\PhysX\inc\common\PxMetaDataFlags.h">
      <Filter>ThirdParty\PhysX\inc\common</Filter>
    </ClInclude>
    <ClInclude Include="ThirdParty\PhysX\inc\common\PxPhysicsInsertionCallback.h">
      <Filter>ThirdParty\PhysX\inc\common</Filter>
    </ClInclude>
    <ClInclude Include="ThirdParty\PhysX\inc\common\PxPhysXCommonConfig.h">
      <Filter>ThirdParty\PhysX\inc\common</Filter>
    </ClInclude>
    <ClInclude Include="ThirdParty\PhysX\inc\common\PxProfileZone.h">
      <Filter>ThirdParty\PhysX\inc\common</Filter>
    </ClInclude>
    <ClInclude Include="ThirdParty\PhysX\inc\common\PxRenderBuffer.h">
      <Filter>ThirdParty\PhysX\inc\common</Filter>
    </ClInclude>
    <ClInclude Include="ThirdParty\PhysX\inc\common\PxSerialFramework.h">
      <Filter>ThirdParty\PhysX\inc\common</Filter>
    </ClInclude>
    <ClInclude Include="ThirdParty\PhysX\inc\common\PxSerializer.h">
      <Filter>ThirdParty\PhysX\inc\common</Filter>
    </ClInclude>
    <ClInclude Include="ThirdParty\PhysX\inc\common\PxStringTable.h">
      <Filter>ThirdParty\PhysX\inc\common</Filter>
    </ClInclude>
    <ClInclude Include="ThirdParty\PhysX\inc\common\PxTolerancesScale.h">
      <Filter>ThirdParty\PhysX\inc\common</Filter>
    </ClInclude>
    <ClInclude Include="ThirdParty\PhysX\inc\common\PxTypeInfo.h">
      <Filter>ThirdParty\PhysX\inc\common</Filter>
    </ClInclude>
    <ClInclude Include="ThirdParty\PhysX\inc\common\windows\PxWindowsDelayLoadHook.h">
      <Filter>ThirdParty\PhysX\inc\common\windows</Filter>
    </ClInclude>
    <ClInclude Include="ThirdParty\PhysX\inc\cooking\PxBVHStructureDesc.h">
      <Filter>ThirdParty\PhysX\inc\cooking</Filter>
    </ClInclude>
    <ClInclude Include="ThirdParty\PhysX\inc\cooking\Pxc.h">
      <Filter>ThirdParty\PhysX\inc\cooking</Filter>
    </ClInclude>
    <ClInclude Include="ThirdParty\PhysX\inc\cooking\PxConvexMeshDesc.h">
      <Filter>ThirdParty\PhysX\inc\cooking</Filter>
    </ClInclude>
    <ClInclude Include="ThirdParty\PhysX\inc\cooking\PxCooking.h">
      <Filter>ThirdParty\PhysX\inc\cooking</Filter>
    </ClInclude>
    <ClInclude Include="ThirdParty\PhysX\inc\cooking\PxMidphaseDesc.h">
      <Filter>ThirdParty\PhysX\inc\cooking</Filter>
    </ClInclude>
    <ClInclude Include="ThirdParty\PhysX\inc\cooking\PxTriangleMeshDesc.h">
      <Filter>ThirdParty\PhysX\inc\cooking</Filter>
    </ClInclude>
    <ClInclude Include="ThirdParty\PhysX\inc\cooking\PxBVH33MidphaseDesc.h">
      <Filter>ThirdParty\PhysX\inc\cooking</Filter>
    </ClInclude>
    <ClInclude Include="ThirdParty\PhysX\inc\cooking\PxBVH34MidphaseDesc.h">
      <Filter>ThirdParty\PhysX\inc\cooking</Filter>
    </ClInclude>
    <ClInclude Include="ThirdParty\PhysX\inc\cudamanager\PxCudaMemoryManager.h">
      <Filter>ThirdParty\PhysX\inc\cudamanager</Filter>
    </ClInclude>
    <ClInclude Include="ThirdParty\PhysX\inc\cudamanager\PxCudaContextManager.h">
      <Filter>ThirdParty\PhysX\inc\cudamanager</Filter>
    </ClInclude>
    <ClInclude Include="ThirdParty\PhysX\inc\extensions\PxDefaultSimulationFilterShader.h">
      <Filter>ThirdParty\PhysX\inc\extensions</Filter>
    </ClInclude>
    <ClInclude Include="ThirdParty\PhysX\inc\extensions\PxDefaultStreams.h">
      <Filter>ThirdParty\PhysX\inc\extensions</Filter>
    </ClInclude>
    <ClInclude Include="ThirdParty\PhysX\inc\extensions\PxDistanceJoint.h">
      <Filter>ThirdParty\PhysX\inc\extensions</Filter>
    </ClInclude>
    <ClInclude Include="ThirdParty\PhysX\inc\extensions\PxExtensionsAPI.h">
      <Filter>ThirdParty\PhysX\inc\extensions</Filter>
    </ClInclude>
    <ClInclude Include="ThirdParty\PhysX\inc\extensions\PxFixedJoint.h">
      <Filter>ThirdParty\PhysX\inc\extensions</Filter>
    </ClInclude>
    <ClInclude Include="ThirdParty\PhysX\inc\extensions\PxJoint.h">
      <Filter>ThirdParty\PhysX\inc\extensions</Filter>
    </ClInclude>
    <ClInclude Include="ThirdParty\PhysX\inc\extensions\PxJointLimit.h">
      <Filter>ThirdParty\PhysX\inc\extensions</Filter>
    </ClInclude>
    <ClInclude Include="ThirdParty\PhysX\inc\extensions\PxMassProperties.h">
      <Filter>ThirdParty\PhysX\inc\extensions</Filter>
    </ClInclude>
    <ClInclude Include="ThirdParty\PhysX\inc\extensions\PxPrismaticJoint.h">
      <Filter>ThirdParty\PhysX\inc\extensions</Filter>
    </ClInclude>
    <ClInclude Include="ThirdParty\PhysX\inc\extensions\PxRaycastCCD.h">
      <Filter>ThirdParty\PhysX\inc\extensions</Filter>
    </ClInclude>
    <ClInclude Include="ThirdParty\PhysX\inc\extensions\PxRepXSerializer.h">
      <Filter>ThirdParty\PhysX\inc\extensions</Filter>
    </ClInclude>
    <ClInclude Include="ThirdParty\PhysX\inc\extensions\PxRepXSimpleType.h">
      <Filter>ThirdParty\PhysX\inc\extensions</Filter>
    </ClInclude>
    <ClInclude Include="ThirdParty\PhysX\inc\extensions\PxRevoluteJoint.h">
      <Filter>ThirdParty\PhysX\inc\extensions</Filter>
    </ClInclude>
    <ClInclude Include="ThirdParty\PhysX\inc\extensions\PxRigidActorExt.h">
      <Filter>ThirdParty\PhysX\inc\extensions</Filter>
    </ClInclude>
    <ClInclude Include="ThirdParty\PhysX\inc\extensions\PxRigidBodyExt.h">
      <Filter>ThirdParty\PhysX\inc\extensions</Filter>
    </ClInclude>
    <ClInclude Include="ThirdParty\PhysX\inc\extensions\PxSceneQueryExt.h">
      <Filter>ThirdParty\PhysX\inc\extensions</Filter>
    </ClInclude>
    <ClInclude Include="ThirdParty\PhysX\inc\extensions\PxSerialization.h">
      <Filter>ThirdParty\PhysX\inc\extensions</Filter>
    </ClInclude>
    <ClInclude Include="ThirdParty\PhysX\inc\extensions\PxShapeExt.h">
      <Filter>ThirdParty\PhysX\inc\extensions</Filter>
    </ClInclude>
    <ClInclude Include="ThirdParty\PhysX\inc\extensions\PxSimpleFactory.h">
      <Filter>ThirdParty\PhysX\inc\extensions</Filter>
    </ClInclude>
    <ClInclude Include="ThirdParty\PhysX\inc\extensions\PxSmoothNormals.h">
      <Filter>ThirdParty\PhysX\inc\extensions</Filter>
    </ClInclude>
    <ClInclude Include="ThirdParty\PhysX\inc\extensions\PxSphericalJoint.h">
      <Filter>ThirdParty\PhysX\inc\extensions</Filter>
    </ClInclude>
    <ClInclude Include="ThirdParty\PhysX\inc\extensions\PxStringTableExt.h">
      <Filter>ThirdParty\PhysX\inc\extensions</Filter>
    </ClInclude>
    <ClInclude Include="ThirdParty\PhysX\inc\extensions\PxTriangleMeshExt.h">
      <Filter>ThirdParty\PhysX\inc\extensions</Filter>
    </ClInclude>
    <ClInclude Include="ThirdParty\PhysX\inc\extensions\PxBinaryConverter.h">
      <Filter>ThirdParty\PhysX\inc\extensions</Filter>
    </ClInclude>
    <ClInclude Include="ThirdParty\PhysX\inc\extensions\PxBroadPhaseExt.h">
      <Filter>ThirdParty\PhysX\inc\extensions</Filter>
    </ClInclude>
    <ClInclude Include="ThirdParty\PhysX\inc\extensions\PxCollectionExt.h">
      <Filter>ThirdParty\PhysX\inc\extensions</Filter>
    </ClInclude>
    <ClInclude Include="ThirdParty\PhysX\inc\extensions\PxConstraintExt.h">
      <Filter>ThirdParty\PhysX\inc\extensions</Filter>
    </ClInclude>
    <ClInclude Include="ThirdParty\PhysX\inc\extensions\PxContactJoint.h">
      <Filter>ThirdParty\PhysX\inc\extensions</Filter>
    </ClInclude>
    <ClInclude Include="ThirdParty\PhysX\inc\extensions\PxConvexMeshExt.h">
      <Filter>ThirdParty\PhysX\inc\extensions</Filter>
    </ClInclude>
    <ClInclude Include="ThirdParty\PhysX\inc\extensions\PxD6Joint.h">
      <Filter>ThirdParty\PhysX\inc\extensions</Filter>
    </ClInclude>
    <ClInclude Include="ThirdParty\PhysX\inc\extensions\PxD6JointCreate.h">
      <Filter>ThirdParty\PhysX\inc\extensions</Filter>
    </ClInclude>
    <ClInclude Include="ThirdParty\PhysX\inc\extensions\PxDefaultAllocator.h">
      <Filter>ThirdParty\PhysX\inc\extensions</Filter>
    </ClInclude>
    <ClInclude Include="ThirdParty\PhysX\inc\extensions\PxDefaultCpuDispatcher.h">
      <Filter>ThirdParty\PhysX\inc\extensions</Filter>
    </ClInclude>
    <ClInclude Include="ThirdParty\PhysX\inc\extensions\PxDefaultErrorCallback.h">
      <Filter>ThirdParty\PhysX\inc\extensions</Filter>
    </ClInclude>
    <ClInclude Include="ThirdParty\PhysX\inc\filebuf\PxFileBuf.h">
      <Filter>ThirdParty\PhysX\inc\filebuf</Filter>
    </ClInclude>
    <ClInclude Include="ThirdParty\PhysX\inc\foundation\PxAssert.h">
      <Filter>ThirdParty\PhysX\inc\foundation</Filter>
    </ClInclude>
    <ClInclude Include="ThirdParty\PhysX\inc\foundation\PxBitAndData.h">
      <Filter>ThirdParty\PhysX\inc\foundation</Filter>
    </ClInclude>
    <ClInclude Include="ThirdParty\PhysX\inc\foundation\PxBounds3.h">
      <Filter>ThirdParty\PhysX\inc\foundation</Filter>
    </ClInclude>
    <ClInclude Include="ThirdParty\PhysX\inc\foundation\PxErrorCallback.h">
      <Filter>ThirdParty\PhysX\inc\foundation</Filter>
    </ClInclude>
    <ClInclude Include="ThirdParty\PhysX\inc\foundation\PxErrors.h">
      <Filter>ThirdParty\PhysX\inc\foundation</Filter>
    </ClInclude>
    <ClInclude Include="ThirdParty\PhysX\inc\foundation\PxFlags.h">
      <Filter>ThirdParty\PhysX\inc\foundation</Filter>
    </ClInclude>
    <ClInclude Include="ThirdParty\PhysX\inc\foundation\PxFoundationConfig.h">
      <Filter>ThirdParty\PhysX\inc\foundation</Filter>
    </ClInclude>
    <ClInclude Include="ThirdParty\PhysX\inc\foundation\PxIntrinsics.h">
      <Filter>ThirdParty\PhysX\inc\foundation</Filter>
    </ClInclude>
    <ClInclude Include="ThirdParty\PhysX\inc\foundation\PxIO.h">
      <Filter>ThirdParty\PhysX\inc\foundation</Filter>
    </ClInclude>
    <ClInclude Include="ThirdParty\PhysX\inc\foundation\PxMat33.h">
      <Filter>ThirdParty\PhysX\inc\foundation</Filter>
    </ClInclude>
    <ClInclude Include="ThirdParty\PhysX\inc\foundation\PxMat44.h">
      <Filter>ThirdParty\PhysX\inc\foundation</Filter>
    </ClInclude>
    <ClInclude Include="ThirdParty\PhysX\inc\foundation\PxMath.h">
      <Filter>ThirdParty\PhysX\inc\foundation</Filter>
    </ClInclude>
    <ClInclude Include="ThirdParty\PhysX\inc\foundation\PxMathUtils.h">
      <Filter>ThirdParty\PhysX\inc\foundation</Filter>
    </ClInclude>
    <ClInclude Include="ThirdParty\PhysX\inc\foundation\PxMemory.h">
      <Filter>ThirdParty\PhysX\inc\foundation</Filter>
    </ClInclude>
    <ClInclude Include="ThirdParty\PhysX\inc\foundation\PxPlane.h">
      <Filter>ThirdParty\PhysX\inc\foundation</Filter>
    </ClInclude>
    <ClInclude Include="ThirdParty\PhysX\inc\foundation\PxPreprocessor.h">
      <Filter>ThirdParty\PhysX\inc\foundation</Filter>
    </ClInclude>
    <ClInclude Include="ThirdParty\PhysX\inc\foundation\PxProfiler.h">
      <Filter>ThirdParty\PhysX\inc\foundation</Filter>
    </ClInclude>
    <ClInclude Include="ThirdParty\PhysX\inc\foundation\PxQuat.h">
      <Filter>ThirdParty\PhysX\inc\foundation</Filter>
    </ClInclude>
    <ClInclude Include="ThirdParty\PhysX\inc\foundation\PxSharedAssert.h">
      <Filter>ThirdParty\PhysX\inc\foundation</Filter>
    </ClInclude>
    <ClInclude Include="ThirdParty\PhysX\inc\foundation\PxSimpleTypes.h">
      <Filter>ThirdParty\PhysX\inc\foundation</Filter>
    </ClInclude>
    <ClInclude Include="ThirdParty\PhysX\inc\foundation\PxStrideIterator.h">
      <Filter>ThirdParty\PhysX\inc\foundation</Filter>
    </ClInclude>
    <ClInclude Include="ThirdParty\PhysX\inc\foundation\PxTransform.h">
      <Filter>ThirdParty\PhysX\inc\foundation</Filter>
    </ClInclude>
    <ClInclude Include="ThirdParty\PhysX\inc\foundation\PxUnionCast.h">
      <Filter>ThirdParty\PhysX\inc\foundation</Filter>
    </ClInclude>
    <ClInclude Include="ThirdParty\PhysX\inc\foundation\PxVec2.h">
      <Filter>ThirdParty\PhysX\inc\foundation</Filter>
    </ClInclude>
    <ClInclude Include="ThirdParty\PhysX\inc\foundation\PxVec3.h">
      <Filter>ThirdParty\PhysX\inc\foundation</Filter>
    </ClInclude>
    <ClInclude Include="ThirdParty\PhysX\inc\foundation\PxVec4.h">
      <Filter>ThirdParty\PhysX\inc\foundation</Filter>
    </ClInclude>
    <ClInclude Include="ThirdParty\PhysX\inc\foundation\Px.h">
      <Filter>ThirdParty\PhysX\inc\foundation</Filter>
    </ClInclude>
    <ClInclude Include="ThirdParty\PhysX\inc\foundation\PxAllocatorCallback.h">
      <Filter>ThirdParty\PhysX\inc\foundation</Filter>
    </ClInclude>
    <ClInclude Include="ThirdParty\PhysX\inc\foundation\windows\PxWindowsIntrinsics.h">
      <Filter>ThirdParty\PhysX\inc\foundation\windows</Filter>
    </ClInclude>
    <ClInclude Include="ThirdParty\PhysX\inc\geometry\PxBVHStructure.h">
      <Filter>ThirdParty\PhysX\inc\geometry</Filter>
    </ClInclude>
    <ClInclude Include="ThirdParty\PhysX\inc\geometry\PxCapsuleGeometry.h">
      <Filter>ThirdParty\PhysX\inc\geometry</Filter>
    </ClInclude>
    <ClInclude Include="ThirdParty\PhysX\inc\geometry\PxConvexMesh.h">
      <Filter>ThirdParty\PhysX\inc\geometry</Filter>
    </ClInclude>
    <ClInclude Include="ThirdParty\PhysX\inc\geometry\PxConvexMeshGeometry.h">
      <Filter>ThirdParty\PhysX\inc\geometry</Filter>
    </ClInclude>
    <ClInclude Include="ThirdParty\PhysX\inc\geometry\PxGeometry.h">
      <Filter>ThirdParty\PhysX\inc\geometry</Filter>
    </ClInclude>
    <ClInclude Include="ThirdParty\PhysX\inc\geometry\PxGeometryHelpers.h">
      <Filter>ThirdParty\PhysX\inc\geometry</Filter>
    </ClInclude>
    <ClInclude Include="ThirdParty\PhysX\inc\geometry\PxGeometryQuery.h">
      <Filter>ThirdParty\PhysX\inc\geometry</Filter>
    </ClInclude>
    <ClInclude Include="ThirdParty\PhysX\inc\geometry\PxHeightField.h">
      <Filter>ThirdParty\PhysX\inc\geometry</Filter>
    </ClInclude>
    <ClInclude Include="ThirdParty\PhysX\inc\geometry\PxHeightFieldDesc.h">
      <Filter>ThirdParty\PhysX\inc\geometry</Filter>
    </ClInclude>
    <ClInclude Include="ThirdParty\PhysX\inc\geometry\PxHeightFieldFlag.h">
      <Filter>ThirdParty\PhysX\inc\geometry</Filter>
    </ClInclude>
    <ClInclude Include="ThirdParty\PhysX\inc\geometry\PxHeightFieldGeometry.h">
      <Filter>ThirdParty\PhysX\inc\geometry</Filter>
    </ClInclude>
    <ClInclude Include="ThirdParty\PhysX\inc\geometry\PxHeightFieldSample.h">
      <Filter>ThirdParty\PhysX\inc\geometry</Filter>
    </ClInclude>
    <ClInclude Include="ThirdParty\PhysX\inc\geometry\PxMeshQuery.h">
      <Filter>ThirdParty\PhysX\inc\geometry</Filter>
    </ClInclude>
    <ClInclude Include="ThirdParty\PhysX\inc\geometry\PxMeshScale.h">
      <Filter>ThirdParty\PhysX\inc\geometry</Filter>
    </ClInclude>
    <ClInclude Include="ThirdParty\PhysX\inc\geometry\PxPlaneGeometry.h">
      <Filter>ThirdParty\PhysX\inc\geometry</Filter>
    </ClInclude>
    <ClInclude Include="ThirdParty\PhysX\inc\geometry\PxSimpleTriangleMesh.h">
      <Filter>ThirdParty\PhysX\inc\geometry</Filter>
    </ClInclude>
    <ClInclude Include="ThirdParty\PhysX\inc\geometry\PxSphereGeometry.h">
      <Filter>ThirdParty\PhysX\inc\geometry</Filter>
    </ClInclude>
    <ClInclude Include="ThirdParty\PhysX\inc\geometry\PxTriangle.h">
      <Filter>ThirdParty\PhysX\inc\geometry</Filter>
    </ClInclude>
    <ClInclude Include="ThirdParty\PhysX\inc\geometry\PxTriangleMesh.h">
      <Filter>ThirdParty\PhysX\inc\geometry</Filter>
    </ClInclude>
    <ClInclude Include="ThirdParty\PhysX\inc\geometry\PxTriangleMeshGeometry.h">
      <Filter>ThirdParty\PhysX\inc\geometry</Filter>
    </ClInclude>
    <ClInclude Include="ThirdParty\PhysX\inc\geometry\PxBoxGeometry.h">
      <Filter>ThirdParty\PhysX\inc\geometry</Filter>
    </ClInclude>
    <ClInclude Include="ThirdParty\PhysX\inc\geomutils\GuContactPoint.h">
      <Filter>ThirdParty\PhysX\inc\geomutils</Filter>
    </ClInclude>
    <ClInclude Include="ThirdParty\PhysX\inc\geomutils\GuContactBuffer.h">
      <Filter>ThirdParty\PhysX\inc\geomutils</Filter>
    </ClInclude>
    <ClInclude Include="ThirdParty\PhysX\inc\gpu\PxGpu.h">
      <Filter>ThirdParty\PhysX\inc\gpu</Filter>
    </ClInclude>
    <ClInclude Include="ThirdParty\PhysX\inc\pvd\PxPvdTransport.h">
      <Filter>ThirdParty\PhysX\inc\pvd</Filter>
    </ClInclude>
    <ClInclude Include="ThirdParty\PhysX\inc\pvd\PxPvd.h">
      <Filter>ThirdParty\PhysX\inc\pvd</Filter>
    </ClInclude>
    <ClInclude Include="ThirdParty\PhysX\inc\pvd\PxPvdSceneClient.h">
      <Filter>ThirdParty\PhysX\inc\pvd</Filter>
    </ClInclude>
    <ClInclude Include="ThirdParty\PhysX\inc\solver\PxSolverDefs.h">
      <Filter>ThirdParty\PhysX\inc\solver</Filter>
    </ClInclude>
    <ClInclude Include="ThirdParty\PhysX\inc\task\PxTaskDefine.h">
      <Filter>ThirdParty\PhysX\inc\task</Filter>
    </ClInclude>
    <ClInclude Include="ThirdParty\PhysX\inc\task\PxTaskManager.h">
      <Filter>ThirdParty\PhysX\inc\task</Filter>
    </ClInclude>
    <ClInclude Include="ThirdParty\PhysX\inc\task\PxCpuDispatcher.h">
      <Filter>ThirdParty\PhysX\inc\task</Filter>
    </ClInclude>
    <ClInclude Include="ThirdParty\PhysX\inc\task\PxTask.h">
      <Filter>ThirdParty\PhysX\inc\task</Filter>
    </ClInclude>
    <ClInclude Include="ThirdParty\PhysX\inc\vehicle\PxVehicleUtilControl.h">
      <Filter>ThirdParty\PhysX\inc\vehicle</Filter>
    </ClInclude>
    <ClInclude Include="ThirdParty\PhysX\inc\vehicle\PxVehicleUtilSetup.h">
      <Filter>ThirdParty\PhysX\inc\vehicle</Filter>
    </ClInclude>
    <ClInclude Include="ThirdParty\PhysX\inc\vehicle\PxVehicleUtilTelemetry.h">
      <Filter>ThirdParty\PhysX\inc\vehicle</Filter>
    </ClInclude>
    <ClInclude Include="ThirdParty\PhysX\inc\vehicle\PxVehicleWheels.h">
      <Filter>ThirdParty\PhysX\inc\vehicle</Filter>
    </ClInclude>
    <ClInclude Include="ThirdParty\PhysX\inc\vehicle\PxVehicleComponents.h">
      <Filter>ThirdParty\PhysX\inc\vehicle</Filter>
    </ClInclude>
    <ClInclude Include="ThirdParty\PhysX\inc\vehicle\PxVehicleDrive.h">
      <Filter>ThirdParty\PhysX\inc\vehicle</Filter>
    </ClInclude>
    <ClInclude Include="ThirdParty\PhysX\inc\vehicle\PxVehicleDrive4W.h">
      <Filter>ThirdParty\PhysX\inc\vehicle</Filter>
    </ClInclude>
    <ClInclude Include="ThirdParty\PhysX\inc\vehicle\PxVehicleDriveNW.h">
      <Filter>ThirdParty\PhysX\inc\vehicle</Filter>
    </ClInclude>
    <ClInclude Include="ThirdParty\PhysX\inc\vehicle\PxVehicleDriveTank.h">
      <Filter>ThirdParty\PhysX\inc\vehicle</Filter>
    </ClInclude>
    <ClInclude Include="ThirdParty\PhysX\inc\vehicle\PxVehicleNoDrive.h">
      <Filter>ThirdParty\PhysX\inc\vehicle</Filter>
    </ClInclude>
    <ClInclude Include="ThirdParty\PhysX\inc\vehicle\PxVehicleSDK.h">
      <Filter>ThirdParty\PhysX\inc\vehicle</Filter>
    </ClInclude>
    <ClInclude Include="ThirdParty\PhysX\inc\vehicle\PxVehicleShaders.h">
      <Filter>ThirdParty\PhysX\inc\vehicle</Filter>
    </ClInclude>
    <ClInclude Include="ThirdParty\PhysX\inc\vehicle\PxVehicleTireFriction.h">
      <Filter>ThirdParty\PhysX\inc\vehicle</Filter>
    </ClInclude>
    <ClInclude Include="ThirdParty\PhysX\inc\vehicle\PxVehicleUpdate.h">
      <Filter>ThirdParty\PhysX\inc\vehicle</Filter>
    </ClInclude>
    <ClInclude Include="ThirdParty\PhysX\inc\vehicle\PxVehicleUtil.h">
      <Filter>ThirdParty\PhysX\inc\vehicle</Filter>
    </ClInclude>
    <ClInclude Include="ThirdParty\PhysX\inc\PxActor.h">
      <Filter>ThirdParty\PhysX\inc</Filter>
    </ClInclude>
    <ClInclude Include="ThirdParty\PhysX\inc\PxAggregate.h">
      <Filter>ThirdParty\PhysX\inc</Filter>
    </ClInclude>
    <ClInclude Include="ThirdParty\PhysX\inc\PxArticulation.h">
      <Filter>ThirdParty\PhysX\inc</Filter>
    </ClInclude>
    <ClInclude Include="ThirdParty\PhysX\inc\PxArticulationBase.h">
      <Filter>ThirdParty\PhysX\inc</Filter>
    </ClInclude>
    <ClInclude Include="ThirdParty\PhysX\inc\PxArticulationJoint.h">
      <Filter>ThirdParty\PhysX\inc</Filter>
    </ClInclude>
    <ClInclude Include="ThirdParty\PhysX\inc\PxArticulationJointReducedCoordinate.h">
      <Filter>ThirdParty\PhysX\inc</Filter>
    </ClInclude>
    <ClInclude Include="ThirdParty\PhysX\inc\PxArticulationLink.h">
      <Filter>ThirdParty\PhysX\inc</Filter>
    </ClInclude>
    <ClInclude Include="ThirdParty\PhysX\inc\PxArticulationReducedCoordinate.h">
      <Filter>ThirdParty\PhysX\inc</Filter>
    </ClInclude>
    <ClInclude Include="ThirdParty\PhysX\inc\PxBatchQuery.h">
      <Filter>ThirdParty\PhysX\inc</Filter>
    </ClInclude>
    <ClInclude Include="ThirdParty\PhysX\inc\PxBatchQueryDesc.h">
      <Filter>ThirdParty\PhysX\inc</Filter>
    </ClInclude>
    <ClInclude Include="ThirdParty\PhysX\inc\PxBroadPhase.h">
      <Filter>ThirdParty\PhysX\inc</Filter>
    </ClInclude>
    <ClInclude Include="ThirdParty\PhysX\inc\PxClient.h">
      <Filter>ThirdParty\PhysX\inc</Filter>
    </ClInclude>
    <ClInclude Include="ThirdParty\PhysX\inc\PxConstraint.h">
      <Filter>ThirdParty\PhysX\inc</Filter>
    </ClInclude>
    <ClInclude Include="ThirdParty\PhysX\inc\PxConstraintDesc.h">
      <Filter>ThirdParty\PhysX\inc</Filter>
    </ClInclude>
    <ClInclude Include="ThirdParty\PhysX\inc\PxContact.h">
      <Filter>ThirdParty\PhysX\inc</Filter>
    </ClInclude>
    <ClInclude Include="ThirdParty\PhysX\inc\PxContactModifyCallback.h">
      <Filter>ThirdParty\PhysX\inc</Filter>
    </ClInclude>
    <ClInclude Include="ThirdParty\PhysX\inc\PxDeletionListener.h">
      <Filter>ThirdParty\PhysX\inc</Filter>
    </ClInclude>
    <ClInclude Include="ThirdParty\PhysX\inc\PxFiltering.h">
      <Filter>ThirdParty\PhysX\inc</Filter>
    </ClInclude>
    <ClInclude Include="ThirdParty\PhysX\inc\PxForceMode.h">
      <Filter>ThirdParty\PhysX\inc</Filter>
    </ClInclude>
    <ClInclude Include="ThirdParty\PhysX\inc\PxFoundation.h">
      <Filter>ThirdParty\PhysX\inc</Filter>
    </ClInclude>
    <ClInclude Include="ThirdParty\PhysX\inc\PxImmediateMode.h">
      <Filter>ThirdParty\PhysX\inc</Filter>
    </ClInclude>
    <ClInclude Include="ThirdParty\PhysX\inc\PxLockedData.h">
      <Filter>ThirdParty\PhysX\inc</Filter>
    </ClInclude>
    <ClInclude Include="ThirdParty\PhysX\inc\PxMaterial.h">
      <Filter>ThirdParty\PhysX\inc</Filter>
    </ClInclude>
    <ClInclude Include="ThirdParty\PhysX\inc\PxPhysics.h">
      <Filter>ThirdParty\PhysX\inc</Filter>
    </ClInclude>
    <ClInclude Include="ThirdParty\PhysX\inc\PxPhysicsAPI.h">
      <Filter>ThirdParty\PhysX\inc</Filter>
    </ClInclude>
    <ClInclude Include="ThirdParty\PhysX\inc\PxPhysicsSerialization.h">
      <Filter>ThirdParty\PhysX\inc</Filter>
    </ClInclude>
    <ClInclude Include="ThirdParty\PhysX\inc\PxPhysicsVersion.h">
      <Filter>ThirdParty\PhysX\inc</Filter>
    </ClInclude>
    <ClInclude Include="ThirdParty\PhysX\inc\PxPhysXConfig.h">
      <Filter>ThirdParty\PhysX\inc</Filter>
    </ClInclude>
    <ClInclude Include="ThirdParty\PhysX\inc\PxPruningStructure.h">
      <Filter>ThirdParty\PhysX\inc</Filter>
    </ClInclude>
    <ClInclude Include="ThirdParty\PhysX\inc\PxQueryFiltering.h">
      <Filter>ThirdParty\PhysX\inc</Filter>
    </ClInclude>
    <ClInclude Include="ThirdParty\PhysX\inc\PxQueryReport.h">
      <Filter>ThirdParty\PhysX\inc</Filter>
    </ClInclude>
    <ClInclude Include="ThirdParty\PhysX\inc\PxRigidActor.h">
      <Filter>ThirdParty\PhysX\inc</Filter>
    </ClInclude>
    <ClInclude Include="ThirdParty\PhysX\inc\PxRigidBody.h">
      <Filter>ThirdParty\PhysX\inc</Filter>
    </ClInclude>
    <ClInclude Include="ThirdParty\PhysX\inc\PxRigidDynamic.h">
      <Filter>ThirdParty\PhysX\inc</Filter>
    </ClInclude>
    <ClInclude Include="ThirdParty\PhysX\inc\PxRigidStatic.h">
      <Filter>ThirdParty\PhysX\inc</Filter>
    </ClInclude>
    <ClInclude Include="ThirdParty\PhysX\inc\PxScene.h">
      <Filter>ThirdParty\PhysX\inc</Filter>
    </ClInclude>
    <ClInclude Include="ThirdParty\PhysX\inc\PxSceneDesc.h">
      <Filter>ThirdParty\PhysX\inc</Filter>
    </ClInclude>
    <ClInclude Include="ThirdParty\PhysX\inc\PxSceneLock.h">
      <Filter>ThirdParty\PhysX\inc</Filter>
    </ClInclude>
    <ClInclude Include="ThirdParty\PhysX\inc\PxShape.h">
      <Filter>ThirdParty\PhysX\inc</Filter>
    </ClInclude>
    <ClInclude Include="ThirdParty\PhysX\inc\PxSimulationEventCallback.h">
      <Filter>ThirdParty\PhysX\inc</Filter>
    </ClInclude>
    <ClInclude Include="ThirdParty\PhysX\inc\PxSimulationStatistics.h">
      <Filter>ThirdParty\PhysX\inc</Filter>
    </ClInclude>
    <ClInclude Include="ThirdParty\PhysX\inc\PxVisualizationParameter.h">
      <Filter>ThirdParty\PhysX\inc</Filter>
    </ClInclude>
    <ClInclude Include="ThirdParty\PhysX\inc\PxConfig.h">
      <Filter>ThirdParty\PhysX\inc</Filter>
    </ClInclude>
    <ClInclude Include="GameEnginePhysXBox.h">
      <Filter>PhysX\Component</Filter>
    </ClInclude>
    <ClInclude Include="GameEnginePhysXCapsule.h">
      <Filter>PhysX\Component</Filter>
    </ClInclude>
    <ClInclude Include="GameEnginePhysXCharacterController.h">
      <Filter>PhysX\Component</Filter>
    </ClInclude>
    <ClInclude Include="GameEnginePhysXComponent.h">
      <Filter>PhysX\Component</Filter>
    </ClInclude>
    <ClInclude Include="GameEnginePhysXSphere.h">
      <Filter>PhysX\Component</Filter>
    </ClInclude>
    <ClInclude Include="GameEnginePhysXTriMesh.h">
      <Filter>PhysX\Component</Filter>
    </ClInclude>
    <ClInclude Include="GameEnginePhysXActor.h">
      <Filter>PhysX</Filter>
    </ClInclude>
    <ClInclude Include="GameEnginePhysXLevel.h">
      <Filter>PhysX</Filter>
    </ClInclude>
    <ClInclude Include="GameEngineAO.h" />
    <ClInclude Include="GFSDK_SSAO.h" />
    <ClInclude Include="ThirdParty\HBAO\inc\GFSDK_SSAO.h" />
    <ClInclude Include="GameEngineBillboardRenderer.h">
      <Filter>Rendering\Contents</Filter>
    </ClInclude>
  </ItemGroup>
  <ItemGroup>
    <ClCompile Include="GameEngineActor.cpp">
      <Filter>Object</Filter>
    </ClCompile>
    <ClCompile Include="GameEngineLevel.cpp">
      <Filter>Object</Filter>
    </ClCompile>
    <ClCompile Include="GameEngineComponent.cpp">
      <Filter>Object</Filter>
    </ClCompile>
    <ClCompile Include="GameEngineCore.cpp" />
    <ClCompile Include="PreCompile.cpp">
      <Filter>PreCompile</Filter>
    </ClCompile>
    <ClCompile Include="GameEngineObject.cpp">
      <Filter>Object</Filter>
    </ClCompile>
    <ClCompile Include="GameEngineTransform.cpp">
      <Filter>Object\Transform</Filter>
    </ClCompile>
    <ClCompile Include="GameEngineCamera.cpp">
      <Filter>Rendering</Filter>
    </ClCompile>
    <ClCompile Include="GameEngineRenderer.cpp">
      <Filter>Rendering</Filter>
    </ClCompile>
    <ClCompile Include="GameEngineCoreObject.cpp">
      <Filter>Object</Filter>
    </ClCompile>
    <ClCompile Include="GameEngineResources.cpp">
      <Filter>Resources</Filter>
    </ClCompile>
    <ClCompile Include="GameEngineDevice.cpp">
      <Filter>Device</Filter>
    </ClCompile>
    <ClCompile Include="GameEngineRenderTarget.cpp">
      <Filter>Resources\Texture</Filter>
    </ClCompile>
    <ClCompile Include="GameEngineTexture.cpp">
      <Filter>Resources\Texture</Filter>
    </ClCompile>
    <ClCompile Include="GameEngineVertexBuffer.cpp">
      <Filter>Resources\Buffer</Filter>
    </ClCompile>
    <ClCompile Include="GameEngineDirectBuffer.cpp">
      <Filter>Resources\Buffer</Filter>
    </ClCompile>
    <ClCompile Include="GameEngineDevice_Resources.cpp">
      <Filter>Device</Filter>
    </ClCompile>
    <ClCompile Include="GameEngineVertex.cpp">
      <Filter>Vertex</Filter>
    </ClCompile>
    <ClCompile Include="GameEngineInputLayOut.cpp">
      <Filter>Vertex</Filter>
    </ClCompile>
    <ClCompile Include="GameEngineShader.cpp">
      <Filter>Resources\Shader</Filter>
    </ClCompile>
    <ClCompile Include="GameEngineVertexShader.cpp">
      <Filter>Resources\Shader</Filter>
    </ClCompile>
    <ClCompile Include="GameEngineIndexBuffer.cpp">
      <Filter>Resources\Buffer</Filter>
    </ClCompile>
    <ClCompile Include="GameEngineRasterizer.cpp">
      <Filter>Resources\RenderingSetting</Filter>
    </ClCompile>
    <ClCompile Include="GameEnginePixelShader.cpp">
      <Filter>Resources\Shader</Filter>
    </ClCompile>
    <ClCompile Include="GameEngineConstantBuffer.cpp">
      <Filter>Resources\Buffer</Filter>
    </ClCompile>
    <ClCompile Include="GameEngineSprite.cpp">
      <Filter>Resources\Texture</Filter>
    </ClCompile>
    <ClCompile Include="GameEngineSampler.cpp">
      <Filter>Resources\Texture</Filter>
    </ClCompile>
    <ClCompile Include="GameEngineCollision.cpp">
      <Filter>Collision</Filter>
    </ClCompile>
    <ClCompile Include="GameEngineCollisionGroup.cpp">
      <Filter>Collision</Filter>
    </ClCompile>
    <ClCompile Include="GameEngineBlend.cpp">
      <Filter>Resources\RenderingSetting</Filter>
    </ClCompile>
    <ClCompile Include="GameEngineTileMap.cpp">
      <Filter>Rendering\Contents</Filter>
    </ClCompile>
    <ClCompile Include="GameEngineShaderResHelper.cpp">
      <Filter>Resources\Shader</Filter>
    </ClCompile>
    <ClCompile Include="GameEngineMesh.cpp">
      <Filter>Resources\Mesh</Filter>
    </ClCompile>
    <ClCompile Include="GameEngineMaterial.cpp">
      <Filter>Resources\Material</Filter>
    </ClCompile>
    <ClCompile Include="GameEngineDebugCore.cpp">
      <Filter>Global\Debug</Filter>
    </ClCompile>
    <ClCompile Include="GameEngineSpriteRenderer.cpp">
      <Filter>Rendering\Contents</Filter>
    </ClCompile>
    <ClCompile Include="GameEngineUIRenderer.cpp">
      <Filter>Rendering\Contents</Filter>
    </ClCompile>
    <ClCompile Include="GameEngineRenderUnit.cpp">
      <Filter>Rendering</Filter>
    </ClCompile>
    <ClCompile Include="GameEngineGeometryShader.cpp">
      <Filter>Resources\Shader</Filter>
    </ClCompile>
    <ClCompile Include="GameEngineDepthStencil.cpp">
      <Filter>Resources\RenderingSetting</Filter>
    </ClCompile>
    <ClCompile Include="imgui.cpp">
      <Filter>GUI</Filter>
    </ClCompile>
    <ClCompile Include="imgui_draw.cpp">
      <Filter>GUI</Filter>
    </ClCompile>
    <ClCompile Include="imgui_impl_dx11.cpp">
      <Filter>GUI</Filter>
    </ClCompile>
    <ClCompile Include="imgui_impl_win32.cpp">
      <Filter>GUI</Filter>
    </ClCompile>
    <ClCompile Include="imgui_tables.cpp">
      <Filter>GUI</Filter>
    </ClCompile>
    <ClCompile Include="imgui_widgets.cpp">
      <Filter>GUI</Filter>
    </ClCompile>
    <ClCompile Include="GameEngineGUI.cpp">
      <Filter>GUI</Filter>
    </ClCompile>
    <ClCompile Include="GameEngineState.cpp">
      <Filter>Contents</Filter>
    </ClCompile>
    <ClCompile Include="GameEngineFont.cpp">
      <Filter>Resources\Font</Filter>
    </ClCompile>
    <ClCompile Include="AStartPathFinder.cpp">
      <Filter>PathFind</Filter>
    </ClCompile>
    <ClCompile Include="FadePostEffect.cpp">
      <Filter>Rendering\PostEffect</Filter>
    </ClCompile>
    <ClCompile Include="GameEngineCoreWindow.cpp">
      <Filter>GUI\Engine</Filter>
    </ClCompile>
    <ClCompile Include="BlurPostEffect.cpp">
      <Filter>Rendering\PostEffect</Filter>
    </ClCompile>
    <ClCompile Include="GameEngineStructuredBuffer.cpp">
      <Filter>Resources\Buffer</Filter>
    </ClCompile>
    <ClCompile Include="GameEngineComputeShader.cpp">
      <Filter>Resources\Shader</Filter>
    </ClCompile>
    <ClCompile Include="GameEngineComputeUnit.cpp">
      <Filter>Rendering\Compute</Filter>
    </ClCompile>
    <ClCompile Include="GameEngineParticleRenderer.cpp">
      <Filter>Rendering\Contents</Filter>
    </ClCompile>
    <ClCompile Include="GameEngineFBX.cpp">
      <Filter>Resources\Mesh</Filter>
    </ClCompile>
    <ClCompile Include="GameEngineFBXMesh.cpp">
      <Filter>Resources\Mesh</Filter>
    </ClCompile>
    <ClCompile Include="GameEngineFBXAnimation.cpp">
      <Filter>Resources\Mesh</Filter>
    </ClCompile>
    <ClCompile Include="GameEngineFBXRenderer.cpp">
      <Filter>Rendering\Contents</Filter>
    </ClCompile>
    <ClCompile Include="GameEngineCore_ResourcesRelease.cpp" />
    <ClCompile Include="NaviMesh.cpp">
      <Filter>NaviMesh</Filter>
    </ClCompile>
    <ClCompile Include="GameEngineLight.cpp">
      <Filter>Rendering\Light</Filter>
    </ClCompile>
    <ClCompile Include="GameEnginePhysX.cpp">
      <Filter>PhysX</Filter>
    </ClCompile>
    <ClCompile Include="GameEnginePhysXBox.cpp">
      <Filter>PhysX\Component</Filter>
    </ClCompile>
    <ClCompile Include="GameEnginePhysXCapsule.cpp">
      <Filter>PhysX\Component</Filter>
    </ClCompile>
    <ClCompile Include="GameEnginePhysXCharacterController.cpp">
      <Filter>PhysX\Component</Filter>
    </ClCompile>
    <ClCompile Include="GameEnginePhysXComponent.cpp">
      <Filter>PhysX\Component</Filter>
    </ClCompile>
    <ClCompile Include="GameEnginePhysXSphere.cpp">
      <Filter>PhysX\Component</Filter>
    </ClCompile>
    <ClCompile Include="GameEnginePhysXTriMesh.cpp">
      <Filter>PhysX\Component</Filter>
    </ClCompile>
    <ClCompile Include="GameEnginePhysXActor.cpp">
      <Filter>PhysX</Filter>
    </ClCompile>
    <ClCompile Include="GameEnginePhysXLevel.cpp">
      <Filter>PhysX</Filter>
    </ClCompile>
    <ClCompile Include="GameEngineAO.cpp" />
    <ClCompile Include="GameEngineBillboardRenderer.cpp">
      <Filter>Rendering\Contents</Filter>
    </ClCompile>
  </ItemGroup>
  <ItemGroup>
    <None Include="ThirdParty\DirectXTex\inc\DirectXTex.inl">
      <Filter>ThirdParty\inc</Filter>
    </None>
    <None Include="ThirdParty\Fbx\lib\release\libfbxsdk-mt.7z">
      <Filter>ThirdParty\Release</Filter>
    </None>
    <None Include="ThirdParty\Fbx\lib\release\libfbxsdk-md.7z">
      <Filter>ThirdParty\Release</Filter>
    </None>
    <None Include="ThirdParty\Fbx\lib\debug\libfbxsdk-md.7z">
      <Filter>ThirdParty\Debug</Filter>
    </None>
    <None Include="ThirdParty\Fbx\lib\debug\libfbxsdk-mt.7z">
      <Filter>ThirdParty\Debug</Filter>
    </None>
  </ItemGroup>
  <ItemGroup>
    <Library Include="ThirdParty\DirectXTex\lib\Debug\DirectXTex.lib">
      <Filter>ThirdParty\Debug</Filter>
    </Library>
    <Library Include="ThirdParty\DirectXTex\lib\Release\DirectXTex.lib">
      <Filter>ThirdParty\Release</Filter>
    </Library>
    <Library Include="ThirdParty\DirectXTex\lib\Release\DirectXTex.pdb">
      <Filter>ThirdParty\Release</Filter>
    </Library>
    <Library Include="ThirdParty\DirectXTex\lib\Debug\DirectXTex.pdb">
      <Filter>ThirdParty\Debug</Filter>
    </Library>
    <Library Include="ThirdParty\FW1FontWrapper\lib\Debug\FW1FontWrapper.lib">
      <Filter>ThirdParty\Debug</Filter>
    </Library>
    <Library Include="ThirdParty\FW1FontWrapper\lib\Release\FW1FontWrapper.lib">
      <Filter>ThirdParty\Release</Filter>
    </Library>
    <Library Include="ThirdParty\HBAO\lib\GFSDK_SSAO_D3D11.win64.lib" />
    <Library Include="ThirdParty\HBAO\lib\GFSDK_SSAO_D3D11_UWP.win64.lib" />
  </ItemGroup>
  <ItemGroup>
    <CopyFileToFolders Include="ThirdParty\FW1FontWrapper\lib\Debug\FW1FontWrapper.dll">
      <Filter>ThirdParty\Debug</Filter>
    </CopyFileToFolders>
    <CopyFileToFolders Include="ThirdParty\FW1FontWrapper\lib\Release\FW1FontWrapper.dll">
      <Filter>ThirdParty\Release</Filter>
    </CopyFileToFolders>
    <CopyFileToFolders Include="ThirdParty\Fbx\lib\debug\zlib-mt.lib">
      <Filter>ThirdParty\Debug</Filter>
    </CopyFileToFolders>
    <CopyFileToFolders Include="ThirdParty\Fbx\lib\release\libfbxsdk.dll">
      <Filter>ThirdParty\Release</Filter>
    </CopyFileToFolders>
    <CopyFileToFolders Include="ThirdParty\Fbx\lib\release\libfbxsdk.lib">
      <Filter>ThirdParty\Release</Filter>
    </CopyFileToFolders>
    <CopyFileToFolders Include="ThirdParty\Fbx\lib\release\libfbxsdk-md.lib">
      <Filter>ThirdParty\Release</Filter>
    </CopyFileToFolders>
    <CopyFileToFolders Include="ThirdParty\Fbx\lib\release\libfbxsdk-mt.lib">
      <Filter>ThirdParty\Release</Filter>
    </CopyFileToFolders>
    <CopyFileToFolders Include="ThirdParty\Fbx\lib\release\libxml2-md.lib">
      <Filter>ThirdParty\Release</Filter>
    </CopyFileToFolders>
    <CopyFileToFolders Include="ThirdParty\Fbx\lib\release\libxml2-mt.lib">
      <Filter>ThirdParty\Release</Filter>
    </CopyFileToFolders>
    <CopyFileToFolders Include="ThirdParty\Fbx\lib\release\zlib-md.lib">
      <Filter>ThirdParty\Release</Filter>
    </CopyFileToFolders>
    <CopyFileToFolders Include="ThirdParty\Fbx\lib\release\zlib-mt.lib">
      <Filter>ThirdParty\Release</Filter>
    </CopyFileToFolders>
    <CopyFileToFolders Include="ThirdParty\Fbx\lib\debug\libfbxsdk.dll">
      <Filter>ThirdParty\Debug</Filter>
    </CopyFileToFolders>
    <CopyFileToFolders Include="ThirdParty\Fbx\lib\debug\libfbxsdk.lib">
      <Filter>ThirdParty\Debug</Filter>
    </CopyFileToFolders>
    <CopyFileToFolders Include="ThirdParty\Fbx\lib\debug\libfbxsdk-md.lib">
      <Filter>ThirdParty\Debug</Filter>
    </CopyFileToFolders>
    <CopyFileToFolders Include="ThirdParty\Fbx\lib\debug\libfbxsdk-mt.lib">
      <Filter>ThirdParty\Debug</Filter>
    </CopyFileToFolders>
    <CopyFileToFolders Include="ThirdParty\Fbx\lib\debug\libxml2-md.lib">
      <Filter>ThirdParty\Debug</Filter>
    </CopyFileToFolders>
    <CopyFileToFolders Include="ThirdParty\Fbx\lib\debug\libxml2-mt.lib">
      <Filter>ThirdParty\Debug</Filter>
    </CopyFileToFolders>
    <CopyFileToFolders Include="ThirdParty\Fbx\lib\debug\zlib-md.lib">
      <Filter>ThirdParty\Debug</Filter>
    </CopyFileToFolders>
    <CopyFileToFolders Include="ThirdParty\PhysX\lib\Debug\PhysX_static_64.lib">
      <Filter>ThirdParty\PhysX\lib\Debug</Filter>
    </CopyFileToFolders>
    <CopyFileToFolders Include="ThirdParty\PhysX\lib\Debug\PhysXCharacterKinematic_static_64.lib">
      <Filter>ThirdParty\PhysX\lib\Debug</Filter>
    </CopyFileToFolders>
    <CopyFileToFolders Include="ThirdParty\PhysX\lib\Debug\PhysXCommon_static_64.lib">
      <Filter>ThirdParty\PhysX\lib\Debug</Filter>
    </CopyFileToFolders>
    <CopyFileToFolders Include="ThirdParty\PhysX\lib\Debug\PhysXCooking_static_64.lib">
      <Filter>ThirdParty\PhysX\lib\Debug</Filter>
    </CopyFileToFolders>
    <CopyFileToFolders Include="ThirdParty\PhysX\lib\Debug\PhysXExtensions_static_64.lib">
      <Filter>ThirdParty\PhysX\lib\Debug</Filter>
    </CopyFileToFolders>
    <CopyFileToFolders Include="ThirdParty\PhysX\lib\Debug\PhysXFoundation_static_64.lib">
      <Filter>ThirdParty\PhysX\lib\Debug</Filter>
    </CopyFileToFolders>
    <CopyFileToFolders Include="ThirdParty\PhysX\lib\Debug\PhysXPvdSDK_static_64.lib">
      <Filter>ThirdParty\PhysX\lib\Debug</Filter>
    </CopyFileToFolders>
    <CopyFileToFolders Include="ThirdParty\PhysX\lib\Debug\PhysXVehicle_static_64.lib">
      <Filter>ThirdParty\PhysX\lib\Debug</Filter>
    </CopyFileToFolders>
    <CopyFileToFolders Include="ThirdParty\PhysX\lib\Release\PhysX_static_64.lib">
      <Filter>ThirdParty\PhysX\lib\Release</Filter>
    </CopyFileToFolders>
    <CopyFileToFolders Include="ThirdParty\PhysX\lib\Release\PhysXCharacterKinematic_static_64.lib">
      <Filter>ThirdParty\PhysX\lib\Release</Filter>
    </CopyFileToFolders>
    <CopyFileToFolders Include="ThirdParty\PhysX\lib\Release\PhysXCommon_static_64.lib">
      <Filter>ThirdParty\PhysX\lib\Release</Filter>
    </CopyFileToFolders>
    <CopyFileToFolders Include="ThirdParty\PhysX\lib\Release\PhysXCooking_static_64.lib">
      <Filter>ThirdParty\PhysX\lib\Release</Filter>
    </CopyFileToFolders>
    <CopyFileToFolders Include="ThirdParty\PhysX\lib\Release\PhysXExtensions_static_64.lib">
      <Filter>ThirdParty\PhysX\lib\Release</Filter>
    </CopyFileToFolders>
    <CopyFileToFolders Include="ThirdParty\PhysX\lib\Release\PhysXFoundation_static_64.lib">
      <Filter>ThirdParty\PhysX\lib\Release</Filter>
    </CopyFileToFolders>
    <CopyFileToFolders Include="ThirdParty\PhysX\lib\Release\PhysXPvdSDK_static_64.lib">
      <Filter>ThirdParty\PhysX\lib\Release</Filter>
    </CopyFileToFolders>
    <CopyFileToFolders Include="ThirdParty\PhysX\lib\Release\PhysXVehicle_static_64.lib">
      <Filter>ThirdParty\PhysX\lib\Release</Filter>
    </CopyFileToFolders>
    <CopyFileToFolders Include="ThirdParty\HBAO\lib\GFSDK_SSAO_D3D11.win64.dll" />
    <CopyFileToFolders Include="ThirdParty\HBAO\lib\GFSDK_SSAO_D3D11_UWP.win64.dll" />
  </ItemGroup>
  <ItemGroup>
    <Text Include="FBX설명.txt">
      <Filter>Resources\Mesh</Filter>
    </Text>
  </ItemGroup>
</Project>