<?xml version="1.0" encoding="utf-8"?>
<Project ToolsVersion="4.0" xmlns="http://schemas.microsoft.com/developer/msbuild/2003">
  <ItemGroup>
    <Filter Include="MeshShader">
      <UniqueIdentifier>{8f9cf2a8-956b-4e79-895d-ff6b67c0a8b6}</UniqueIdentifier>
    </Filter>
    <Filter Include="Header">
      <UniqueIdentifier>{a0fb7a8d-0701-49bc-a656-61adafe5ff51}</UniqueIdentifier>
    </Filter>
    <Filter Include="PostEffect">
      <UniqueIdentifier>{47fc2ad3-e0ed-44e9-8f71-51843b1f9268}</UniqueIdentifier>
    </Filter>
    <Filter Include="Deferred">
      <UniqueIdentifier>{51412e17-0f76-4764-95c6-c91160b95aab}</UniqueIdentifier>
    </Filter>
    <Filter Include="BillBoard">
      <UniqueIdentifier>{9bdb89bf-ae87-4374-9056-7935ba2d5ebf}</UniqueIdentifier>
    </Filter>
  </ItemGroup>
  <ItemGroup>
    <FxCompile Include="ContentsAnimationMesh.fx">
      <Filter>MeshShader</Filter>
    </FxCompile>
    <FxCompile Include="FBXAnimation.fx">
      <Filter>Header</Filter>
    </FxCompile>
    <FxCompile Include="Function.fx">
      <Filter>Header</Filter>
    </FxCompile>
    <FxCompile Include="Light.fx">
      <Filter>Header</Filter>
    </FxCompile>
    <FxCompile Include="Random.fx">
      <Filter>Header</Filter>
    </FxCompile>
    <FxCompile Include="RenderBase.fx">
      <Filter>Header</Filter>
    </FxCompile>
    <FxCompile Include="Transform.fx">
      <Filter>Header</Filter>
    </FxCompile>
    <FxCompile Include="MeshBase.fx">
      <Filter>MeshShader</Filter>
    </FxCompile>
    <FxCompile Include="ContentsStaticMesh.fx">
      <Filter>MeshShader</Filter>
    </FxCompile>
    <FxCompile Include="FXAA.fx">
      <Filter>PostEffect</Filter>
    </FxCompile>
    <FxCompile Include="BloomBlur.fx">
      <Filter>PostEffect</Filter>
    </FxCompile>
    <FxCompile Include="BloomBright.fx">
      <Filter>PostEffect</Filter>
    </FxCompile>
    <FxCompile Include="ContentsDeferredLightRenderer.fx">
      <Filter>Deferred</Filter>
    </FxCompile>
    <FxCompile Include="ContentsStaticMesh_NorX_SpcX.fx">
      <Filter>MeshShader</Filter>
    </FxCompile>
    <FxCompile Include="MeshBase_Header.fx">
      <Filter>MeshShader</Filter>
    </FxCompile>
    <FxCompile Include="MeshBase_NorX_SpcX.fx">
      <Filter>MeshShader</Filter>
    </FxCompile>
    <FxCompile Include="MeshBase_SpcX.fx">
      <Filter>MeshShader</Filter>
    </FxCompile>
    <FxCompile Include="Normal.fx">
      <Filter>Header</Filter>
    </FxCompile>
    <FxCompile Include="MeshBase_Color.fx">
      <Filter>MeshShader</Filter>
    </FxCompile>
    <FxCompile Include="BllboardHeader.fx">
      <Filter>BillBoard</Filter>
    </FxCompile>
    <FxCompile Include="BllboardRender.fx">
      <Filter>BillBoard</Filter>
    </FxCompile>
    <FxCompile Include="LUT.fx">
      <Filter>PostEffect</Filter>
    </FxCompile>
    <FxCompile Include="ContentsStaticAlphaMesh.fx">
      <Filter>MeshShader</Filter>
    </FxCompile>
    <FxCompile Include="Fog.fx">
      <Filter>PostEffect</Filter>
    </FxCompile>
    <FxCompile Include="TargetMergeShadow.fx" />
  </ItemGroup>
  <ItemGroup>
    <ClCompile Include="BloomCombine.fx">
      <Filter>PostEffect</Filter>
    </ClCompile>
    <ClCompile Include="ContentsDeferredMergeRenderer.fx">
      <Filter>Deferred</Filter>
    </ClCompile>
    <ClCompile Include="ContentsStaticMesh_SpcX.fx">
      <Filter>MeshShader</Filter>
    </ClCompile>
    <ClCompile Include="ContentsStaticMesh_Color.fx">
      <Filter>MeshShader</Filter>
    </ClCompile>
    <ClCompile Include="ContentsFireMesh.fx">
      <Filter>MeshShader</Filter>
    </ClCompile>
  </ItemGroup>
</Project>