<?xml version="1.0" encoding="utf-8"?>
<Project ToolsVersion="4.0" xmlns="http://schemas.microsoft.com/developer/msbuild/2003">
  <ItemGroup>
    <ClCompile Include="PlayLevel.cpp">
      <Filter>Level</Filter>
    </ClCompile>
    <ClCompile Include="Player.cpp">
      <Filter>Player</Filter>
    </ClCompile>
    <ClCompile Include="PreCompile.cpp">
      <Filter>PreCompile</Filter>
    </ClCompile>
    <ClCompile Include="ContentsCore.cpp">
      <Filter>Core</Filter>
    </ClCompile>
    <ClCompile Include="ContentLevel.cpp">
      <Filter>Level\Core</Filter>
    </ClCompile>
    <ClCompile Include="ContentResources.cpp">
      <Filter>Core</Filter>
    </ClCompile>
    <ClCompile Include="GlobalValue.cpp">
      <Filter>Core\Global</Filter>
    </ClCompile>
    <ClCompile Include="Boss_Vordt.cpp">
      <Filter>Monster\Boss</Filter>
    </ClCompile>
    <ClCompile Include="TestLevel_Boss.cpp">
      <Filter>Level\TestLevel</Filter>
    </ClCompile>
    <ClCompile Include="TestLevel_Monster.cpp">
      <Filter>Level\TestLevel</Filter>
    </ClCompile>
    <ClCompile Include="ContentsControlWindow.cpp">
      <Filter>ImGui</Filter>
    </ClCompile>
    <ClCompile Include="Monster_HollowSoldier.cpp">
      <Filter>Monster</Filter>
    </ClCompile>
    <ClCompile Include="TestLevel_Shader.cpp">
      <Filter>Level\TestLevel</Filter>
    </ClCompile>
    <ClCompile Include="TestLevel_Map.cpp">
      <Filter>Level\TestLevel</Filter>
    </ClCompile>
    <ClCompile Include="TestMap.cpp">
      <Filter>Map</Filter>
    </ClCompile>
    <ClCompile Include="FXAAEffect.cpp">
      <Filter>PostEffect</Filter>
    </ClCompile>
    <ClCompile Include="GameContentsFBXRenderer.cpp">
      <Filter>Monster\Renderer</Filter>
    </ClCompile>
    <ClCompile Include="ContentsControlWindow.cpp" />
    <ClCompile Include="CommonMonster.cpp">
      <Filter>Monster</Filter>
    </ClCompile>
    <ClCompile Include="TestLevel_PhysX.cpp">
      <Filter>Level\TestLevel</Filter>
    </ClCompile>
    <ClCompile Include="Monster_LothricKn.cpp">
      <Filter>Monster\LothricKnight</Filter>
    </ClCompile>
    <ClCompile Include="MonsterGUI.cpp">
      <Filter>ImGui</Filter>
    </ClCompile>
    <ClCompile Include="SoundFrameEvent.cpp">
      <Filter>Monster\Event</Filter>
    </ClCompile>
    <ClCompile Include="ConnectIDPacket.cpp" />
    <ClCompile Include="ContentsLight.cpp" />
    <ClCompile Include="GameEngineNetWindow.cpp" />
    <ClCompile Include="ObjectPacket.cpp" />
    <ClCompile Include="FrameEventHelper.cpp">
      <Filter>Monster\Event</Filter>
    </ClCompile>
    <ClCompile Include="FrameEventObject.cpp">
      <Filter>Monster\Event</Filter>
    </ClCompile>
    <ClCompile Include="TestObject.cpp">
      <Filter>Monster\Boss</Filter>
    </ClCompile>
  </ItemGroup>
  <ItemGroup>
    <ClInclude Include="PlayLevel.h">
      <Filter>Level</Filter>
    </ClInclude>
    <ClInclude Include="ContentsEnum.h">
      <Filter>Core\Global</Filter>
    </ClInclude>
    <ClInclude Include="Player.h">
      <Filter>Player</Filter>
    </ClInclude>
    <ClInclude Include="PreCompile.h">
      <Filter>PreCompile</Filter>
    </ClInclude>
    <ClInclude Include="ContentsCore.h">
      <Filter>Core</Filter>
    </ClInclude>
    <ClInclude Include="ContentLevel.h">
      <Filter>Level\Core</Filter>
    </ClInclude>
    <ClInclude Include="ContentResources.h">
      <Filter>Core</Filter>
    </ClInclude>
    <ClInclude Include="GlobalValue.h">
      <Filter>Core\Global</Filter>
    </ClInclude>
    <ClInclude Include="Boss_Vordt.h">
      <Filter>Monster\Boss</Filter>
    </ClInclude>
    <ClInclude Include="TestLevel_Boss.h">
      <Filter>Level\TestLevel</Filter>
    </ClInclude>
    <ClInclude Include="TestLevel_Monster.h">
      <Filter>Level\TestLevel</Filter>
    </ClInclude>
    <ClInclude Include="ContentsControlWindow.h">
      <Filter>ImGui</Filter>
    </ClInclude>
    <ClInclude Include="Monster_HollowSoldier.h">
      <Filter>Monster</Filter>
    </ClInclude>
    <ClInclude Include="TestLevel_Shader.h">
      <Filter>Level\TestLevel</Filter>
    </ClInclude>
    <ClInclude Include="TestLevel_Map.h">
      <Filter>Level\TestLevel</Filter>
    </ClInclude>
    <ClInclude Include="TestMap.h">
      <Filter>Map</Filter>
    </ClInclude>
    <ClInclude Include="ContentsControlWindow.h" />
    <ClInclude Include="CommonMonster.h">
      <Filter>Monster</Filter>
    </ClInclude>
    <ClInclude Include="TestLevel_PhysX.h">
      <Filter>Level\TestLevel</Filter>
    </ClInclude>
    <ClInclude Include="Monster_LothricKn.h">
      <Filter>Monster\LothricKnight</Filter>
    </ClInclude>
    <ClInclude Include="GameContentsFBXRenderer.h">
      <Filter>Monster\Renderer</Filter>
    </ClInclude>
    <ClInclude Include="MonsterGUI.h">
      <Filter>ImGui</Filter>
    </ClInclude>
    <ClInclude Include="SoundFrameEvent.h">
      <Filter>Monster\Event</Filter>
    </ClInclude>
    <ClInclude Include="FXAAEffect.h">
      <Filter>PostEffect</Filter>
    </ClInclude>
    <ClInclude Include="ConnectIDPacket.h" />
    <ClInclude Include="ContentsLight.h" />
    <ClInclude Include="GameEngineNetWindow.h" />
    <ClInclude Include="ObjectPacket.h" />
    <ClInclude Include="PacketHeader.h" />
    <ClInclude Include="FrameEventHelper.h">
      <Filter>Monster\Event</Filter>
    </ClInclude>
    <ClInclude Include="FrameEventObject.h">
      <Filter>Monster\Event</Filter>
    </ClInclude>
    <ClInclude Include="TestObject.h">
      <Filter>Monster\Boss</Filter>
    </ClInclude>
  </ItemGroup>
  <ItemGroup>
    <Filter Include="Level">
      <UniqueIdentifier>{c9a2e832-8d6b-49de-ac34-3e11f6f95c4b}</UniqueIdentifier>
    </Filter>
    <Filter Include="Player">
      <UniqueIdentifier>{a161891d-57fb-4a2c-96bf-522529e04c95}</UniqueIdentifier>
    </Filter>
    <Filter Include="PreCompile">
      <UniqueIdentifier>{dd6110b4-20ce-49fc-a227-cf45841ae842}</UniqueIdentifier>
    </Filter>
    <Filter Include="Core">
      <UniqueIdentifier>{4e4db126-66fa-40cb-aa19-1a86f89e7c4c}</UniqueIdentifier>
    </Filter>
    <Filter Include="Level\Core">
      <UniqueIdentifier>{89ae2814-cbee-4e6f-a4dd-2977bb6c643a}</UniqueIdentifier>
    </Filter>
    <Filter Include="Level\TestLevel">
      <UniqueIdentifier>{328ee959-35b8-43d9-bd5f-ffc249383c5b}</UniqueIdentifier>
    </Filter>
    <Filter Include="Monster">
      <UniqueIdentifier>{7a950f5c-8494-425d-9a23-cc3249540e78}</UniqueIdentifier>
    </Filter>
    <Filter Include="Monster\Boss">
      <UniqueIdentifier>{d31c8efa-c6aa-4bf2-ae36-cb2f4cdf288c}</UniqueIdentifier>
    </Filter>
    <Filter Include="ImGui">
      <UniqueIdentifier>{0ed2a347-3e0b-4fcf-a885-513c3ec4b169}</UniqueIdentifier>
    </Filter>
    <Filter Include="Monster\LothricKnight">
      <UniqueIdentifier>{cd9c89d7-8afc-44e4-ab5c-adcca32c36d0}</UniqueIdentifier>
    </Filter>
    <Filter Include="Core\Global">
      <UniqueIdentifier>{ca09bba4-fac2-48d7-bd82-8680ddecfb32}</UniqueIdentifier>
    </Filter>
    <Filter Include="Map">
      <UniqueIdentifier>{afdebdbe-54a1-4db9-8273-84561c171924}</UniqueIdentifier>
    </Filter>
    <Filter Include="PostEffect">
      <UniqueIdentifier>{0908c021-de83-47a2-af52-678a47c6fbb3}</UniqueIdentifier>
    </Filter>
    <Filter Include="Monster\Renderer">
      <UniqueIdentifier>{781099ec-31b3-4c0c-8941-80d28daaf927}</UniqueIdentifier>
    </Filter>
    <Filter Include="Net">
      <UniqueIdentifier>{3a7885fe-0f84-4a6a-9989-d926b4ac8f61}</UniqueIdentifier>
    </Filter>
    <Filter Include="Net\Packet">
      <UniqueIdentifier>{12126f42-9291-48ee-8034-ca565f71da15}</UniqueIdentifier>
    </Filter>
    <Filter Include="Monster\Event">
      <UniqueIdentifier>{3a07aee8-e371-40ae-a574-6b4704cab447}</UniqueIdentifier>
    </Filter>
  </ItemGroup>
</Project>