<?xml version="1.0" encoding="utf-8"?>
<Project ToolsVersion="4.0" xmlns="http://schemas.microsoft.com/developer/msbuild/2003">
  <ItemGroup>
    <ClCompile Include="PlayLevel.cpp">
      <Filter>Level</Filter>
    </ClCompile>
    <ClCompile Include="Player.cpp">
      <Filter>Actor\Player</Filter>
    </ClCompile>
    <ClCompile Include="PreCompile.cpp">
      <Filter>PreCompile</Filter>
    </ClCompile>
    <ClCompile Include="ContentsCore.cpp">
      <Filter>Core</Filter>
    </ClCompile>
    <ClCompile Include="ContentLevel.cpp">
      <Filter>Level\Core</Filter>
    </ClCompile>
    <ClCompile Include="ContentResources.cpp">
      <Filter>Core</Filter>
    </ClCompile>
    <ClCompile Include="GlobalValue.cpp">
      <Filter>Core\Global</Filter>
    </ClCompile>
    <ClCompile Include="Boss_Vordt.cpp">
      <Filter>Actor\Monster\Boss</Filter>
    </ClCompile>
    <ClCompile Include="TestLevel_Boss.cpp">
      <Filter>Level\TestLevel</Filter>
    </ClCompile>
    <ClCompile Include="TestLevel_Monster.cpp">
      <Filter>Level\TestLevel</Filter>
    </ClCompile>
    <ClCompile Include="TestLevel_Shader.cpp">
      <Filter>Level\TestLevel</Filter>
    </ClCompile>
    <ClCompile Include="TestLevel_Map.cpp">
      <Filter>Level\TestLevel</Filter>
    </ClCompile>
    <ClCompile Include="TestMap.cpp">
      <Filter>Map</Filter>
    </ClCompile>
    <ClCompile Include="FXAAEffect.cpp">
      <Filter>PostEffect</Filter>
    </ClCompile>
    <ClCompile Include="GameContentsFBXRenderer.cpp">
      <Filter>Resource\Renderer</Filter>
    </ClCompile>
    <ClCompile Include="BaseMonster.cpp">
      <Filter>Actor\Monster</Filter>
    </ClCompile>
    <ClCompile Include="TestLevel_PhysX.cpp">
      <Filter>Level\TestLevel</Filter>
    </ClCompile>
    <ClCompile Include="Monster_LothricKn.cpp">
      <Filter>Actor\Monster\LothricKnight</Filter>
    </ClCompile>
    <ClCompile Include="Monster_HollowSoldier.cpp">
      <Filter>Actor\Monster\Hollow</Filter>
    </ClCompile>
    <ClCompile Include="Monster_Hollow.cpp">
      <Filter>Actor\Monster\Hollow</Filter>
    </ClCompile>
    <ClCompile Include="Monster_Hollow_Unarmed.cpp">
      <Filter>Actor\Monster\Hollow</Filter>
    </ClCompile>
    <ClCompile Include="Monster_HollowSoldier_Sword.cpp">
      <Filter>Actor\Monster\Hollow</Filter>
    </ClCompile>
    <ClCompile Include="Monster_Hollow_RaggedRobes.cpp">
      <Filter>Actor\Monster\Hollow</Filter>
    </ClCompile>
    <ClCompile Include="Monster_HollowSoldier_Lantern.cpp">
      <Filter>Actor\Monster\Hollow</Filter>
    </ClCompile>
    <ClCompile Include="Boss_Vordt_State.cpp">
      <Filter>Actor\Monster\Boss</Filter>
    </ClCompile>
    <ClCompile Include="TestObject.cpp">
      <Filter>Actor\Monster\Boss</Filter>
    </ClCompile>
    <ClCompile Include="Monster_LothricKn_State.cpp">
      <Filter>Actor\Monster\LothricKnight</Filter>
    </ClCompile>
    <ClCompile Include="BoneSocketCollision.cpp">
      <Filter>Actor\Monster\Component</Filter>
    </ClCompile>
    <ClCompile Include="Monster_Hollow_NonFirstAttack.cpp">
      <Filter>Actor\Monster\Hollow</Filter>
    </ClCompile>
    <ClCompile Include="BloomEffect.cpp">
      <Filter>PostEffect</Filter>
    </ClCompile>
    <ClCompile Include="ContentsMath.cpp">
      <Filter>Math</Filter>
    </ClCompile>
    <ClCompile Include="ContentsLight.cpp">
      <Filter>Resource</Filter>
    </ClCompile>
    <ClCompile Include="GameEngineNetWindow.cpp">
      <Filter>Net</Filter>
    </ClCompile>
    <ClCompile Include="ConnectIDPacket.cpp">
      <Filter>Net\Packet</Filter>
    </ClCompile>
    <ClCompile Include="ObjectPacket.cpp">
      <Filter>Net\Packet</Filter>
    </ClCompile>
    <ClCompile Include="Player_State.cpp">
      <Filter>Actor\Player</Filter>
    </ClCompile>
    <ClCompile Include="TestObject.cpp">
      <Filter>Resource</Filter>
    </ClCompile>
    <ClCompile Include="TestObject_Shader.cpp">
      <Filter>Resource</Filter>
    </ClCompile>
    <ClCompile Include="ContentsControlWindow.cpp">
      <Filter>ImGui\Window</Filter>
    </ClCompile>
    <ClCompile Include="TreeWindow.cpp">
      <Filter>ImGui\Window</Filter>
    </ClCompile>
    <ClCompile Include="CollisionUpdateFrameEvent.cpp">
      <Filter>ImGui\Editor\FrameEvent</Filter>
    </ClCompile>
    <ClCompile Include="FrameEventHelper.cpp">
      <Filter>ImGui\Editor\FrameEvent</Filter>
    </ClCompile>
    <ClCompile Include="FrameEventObject.cpp">
      <Filter>ImGui\Editor\FrameEvent</Filter>
    </ClCompile>
    <ClCompile Include="SoundFrameEvent.cpp">
      <Filter>ImGui\Editor\FrameEvent</Filter>
    </ClCompile>
    <ClCompile Include="TurnSpeedFrameEvent.cpp">
      <Filter>ImGui\Editor\FrameEvent</Filter>
    </ClCompile>
    <ClCompile Include="AnimationInfoGUI.cpp">
      <Filter>ImGui\Editor</Filter>
    </ClCompile>
    <ClCompile Include="LightGUI.cpp">
      <Filter>ImGui\Editor</Filter>
    </ClCompile>
    <ClCompile Include="DummyActor.cpp">
      <Filter>Actor\Monster\LothricKnight</Filter>
    </ClCompile>
    <ClCompile Include="ContentsDebug.cpp">
      <Filter>Actor\Monster\LothricKnight</Filter>
    </ClCompile>
    <ClCompile Include="DummyPath.cpp">
      <Filter>Actor\Monster\LothricKnight</Filter>
    </ClCompile>
    <ClCompile Include="SwitchFlagFrameEvent.cpp">
      <Filter>ImGui\Editor\FrameEvent</Filter>
    </ClCompile>
    <ClCompile Include="BasePlayer.cpp">
      <Filter>Actor\Player</Filter>
    </ClCompile>
    <ClCompile Include="ContentsControlWindow.cpp">
      <Filter>ImGui</Filter>
    </ClCompile>
    <ClCompile Include="BaseActor.cpp">
      <Filter>Actor</Filter>
    </ClCompile>
    <ClCompile Include="TitleLevel.cpp">
      <Filter>Level</Filter>
    </ClCompile>
    <ClCompile Include="TitleLogo.cpp">
      <Filter>Actor\UI</Filter>
    </ClCompile>
    <ClCompile Include="ContentsControlInput.cpp">
      <Filter>Actor\Monster\LothricKnight</Filter>
    </ClCompile>
    <ClCompile Include="Monster_HollowSoldier_RoundShield.cpp">
      <Filter>Actor\Monster\Hollow</Filter>
    </ClCompile>
    <ClCompile Include="Monster_HollowSoldier_Crossbow.cpp">
      <Filter>Actor\Monster\Hollow</Filter>
    </ClCompile>
    <ClCompile Include="Monster_HollowSoldier_Spear.cpp">
      <Filter>Actor\Monster\Hollow</Filter>
    </ClCompile>
    <ClCompile Include="Monster_Hollow_Assassin.cpp">
      <Filter>Actor\Monster\Hollow</Filter>
    </ClCompile>
    <ClCompile Include="ContentsMouseInput.cpp">
      <Filter>Actor\Monster\LothricKnight</Filter>
    </ClCompile>
    <ClCompile Include="WorldMap.cpp">
      <Filter>Map</Filter>
    </ClCompile>
    <ClCompile Include="LUTEffect.cpp">
      <Filter>PostEffect</Filter>
    </ClCompile>
    <ClCompile Include="HBAOGUI.cpp">
      <Filter>ImGui\Editor</Filter>
    </ClCompile>
    <ClCompile Include="LUTGUI.cpp">
      <Filter>ImGui\Editor</Filter>
    </ClCompile>
    <ClCompile Include="UIPlayerGaugeBar.cpp">
      <Filter>Actor\UI</Filter>
    </ClCompile>
    <ClCompile Include="UIUnit.cpp">
      <Filter>Actor\UI</Filter>
    </ClCompile>
    <ClCompile Include="MainUIActor.cpp">
      <Filter>Actor\UI</Filter>
    </ClCompile>
    <ClCompile Include="PlayerValue.cpp">
      <Filter>Core\Global</Filter>
    </ClCompile>
    <ClCompile Include="BoneSoundFrameEvent.cpp">
      <Filter>ImGui\Editor\FrameEvent</Filter>
    </ClCompile>
  </ItemGroup>
  <ItemGroup>
    <ClInclude Include="PlayLevel.h">
      <Filter>Level</Filter>
    </ClInclude>
    <ClInclude Include="ContentsEnum.h">
      <Filter>Core\Global</Filter>
    </ClInclude>
    <ClInclude Include="Player.h">
      <Filter>Actor\Player</Filter>
    </ClInclude>
    <ClInclude Include="PreCompile.h">
      <Filter>PreCompile</Filter>
    </ClInclude>
    <ClInclude Include="ContentsCore.h">
      <Filter>Core</Filter>
    </ClInclude>
    <ClInclude Include="ContentLevel.h">
      <Filter>Level\Core</Filter>
    </ClInclude>
    <ClInclude Include="ContentResources.h">
      <Filter>Core</Filter>
    </ClInclude>
    <ClInclude Include="GlobalValue.h">
      <Filter>Core\Global</Filter>
    </ClInclude>
    <ClInclude Include="Boss_Vordt.h">
      <Filter>Actor\Monster\Boss</Filter>
    </ClInclude>
    <ClInclude Include="TestLevel_Boss.h">
      <Filter>Level\TestLevel</Filter>
    </ClInclude>
    <ClInclude Include="TestLevel_Monster.h">
      <Filter>Level\TestLevel</Filter>
    </ClInclude>
    <ClInclude Include="TestLevel_Shader.h">
      <Filter>Level\TestLevel</Filter>
    </ClInclude>
    <ClInclude Include="TestLevel_Map.h">
      <Filter>Level\TestLevel</Filter>
    </ClInclude>
    <ClInclude Include="TestMap.h">
      <Filter>Map</Filter>
    </ClInclude>
    <ClInclude Include="BaseMonster.h">
      <Filter>Actor\Monster</Filter>
    </ClInclude>
    <ClInclude Include="TestLevel_PhysX.h">
      <Filter>Level\TestLevel</Filter>
    </ClInclude>
    <ClInclude Include="Monster_LothricKn.h">
      <Filter>Actor\Monster\LothricKnight</Filter>
    </ClInclude>
    <ClInclude Include="GameContentsFBXRenderer.h">
      <Filter>Resource\Renderer</Filter>
    </ClInclude>
    <ClInclude Include="FXAAEffect.h">
      <Filter>PostEffect</Filter>
    </ClInclude>
    <ClInclude Include="Monster_HollowSoldier.h">
      <Filter>Actor\Monster\Hollow</Filter>
    </ClInclude>
    <ClInclude Include="Monster_Hollow.h">
      <Filter>Actor\Monster\Hollow</Filter>
    </ClInclude>
    <ClInclude Include="Monster_Hollow_Unarmed.h">
      <Filter>Actor\Monster\Hollow</Filter>
    </ClInclude>
    <ClInclude Include="Monster_HollowSoldier_Sword.h">
      <Filter>Actor\Monster\Hollow</Filter>
    </ClInclude>
    <ClInclude Include="Monster_Hollow_RaggedRobes.h">
      <Filter>Actor\Monster\Hollow</Filter>
    </ClInclude>
    <ClInclude Include="Monster_HollowSoldier_Lantern.h">
      <Filter>Actor\Monster\Hollow</Filter>
    </ClInclude>
    <ClInclude Include="TestObject.h">
      <Filter>Actor\Monster\Boss</Filter>
    </ClInclude>
    <ClInclude Include="BoneSocketCollision.h">
      <Filter>Actor\Monster\Component</Filter>
    </ClInclude>
    <ClInclude Include="Monster_Hollow_NonFirstAttack.h">
      <Filter>Actor\Monster\Hollow</Filter>
    </ClInclude>
    <ClInclude Include="BloomEffect.h">
      <Filter>PostEffect</Filter>
    </ClInclude>
    <ClInclude Include="ContentsMath.h">
      <Filter>Math</Filter>
    </ClInclude>
    <ClInclude Include="ContentsLight.h">
      <Filter>Resource</Filter>
    </ClInclude>
    <ClInclude Include="GameEngineNetWindow.h">
      <Filter>Net</Filter>
    </ClInclude>
    <ClInclude Include="PacketHeader.h">
      <Filter>Net\Packet</Filter>
    </ClInclude>
    <ClInclude Include="ConnectIDPacket.h">
      <Filter>Net\Packet</Filter>
    </ClInclude>
    <ClInclude Include="ObjectPacket.h">
      <Filter>Net\Packet</Filter>
    </ClInclude>
    <ClInclude Include="TestObject_Shader.h">
      <Filter>Resource</Filter>
    </ClInclude>
    <ClInclude Include="TestObject.h">
      <Filter>Resource</Filter>
    </ClInclude>
    <ClInclude Include="TreeWindow.h">
      <Filter>ImGui\Window</Filter>
    </ClInclude>
    <ClInclude Include="ContentsControlWindow.h">
      <Filter>ImGui\Window</Filter>
    </ClInclude>
    <ClInclude Include="TurnSpeedFrameEvent.h">
      <Filter>ImGui\Editor\FrameEvent</Filter>
    </ClInclude>
    <ClInclude Include="CollisionUpdateFrameEvent.h">
      <Filter>ImGui\Editor\FrameEvent</Filter>
    </ClInclude>
    <ClInclude Include="FrameEventHelper.h">
      <Filter>ImGui\Editor\FrameEvent</Filter>
    </ClInclude>
    <ClInclude Include="FrameEventObject.h">
      <Filter>ImGui\Editor\FrameEvent</Filter>
    </ClInclude>
    <ClInclude Include="SoundFrameEvent.h">
      <Filter>ImGui\Editor\FrameEvent</Filter>
    </ClInclude>
    <ClInclude Include="LightGUI.h">
      <Filter>ImGui\Editor</Filter>
    </ClInclude>
    <ClInclude Include="AnimationInfoGUI.h">
      <Filter>ImGui\Editor</Filter>
    </ClInclude>
    <ClInclude Include="DummyActor.h">
      <Filter>Actor\Monster\LothricKnight</Filter>
    </ClInclude>
    <ClInclude Include="ContentsDebug.h">
      <Filter>Actor\Monster\LothricKnight</Filter>
    </ClInclude>
    <ClInclude Include="DummyPath.h">
      <Filter>Actor\Monster\LothricKnight</Filter>
    </ClInclude>
    <ClInclude Include="SwitchFlagFrameEvent.h">
      <Filter>ImGui\Editor\FrameEvent</Filter>
    </ClInclude>
    <ClInclude Include="BasePlayer.h">
      <Filter>Actor\Player</Filter>
    </ClInclude>
    <ClInclude Include="ContentsControlWindow.h">
      <Filter>ImGui</Filter>
    </ClInclude>
    <ClInclude Include="BaseActor.h">
      <Filter>Actor</Filter>
    </ClInclude>
    <ClInclude Include="TitleLevel.h">
      <Filter>Level</Filter>
    </ClInclude>
    <ClInclude Include="TitleLogo.h">
      <Filter>Actor\UI</Filter>
    </ClInclude>
    <ClInclude Include="ContentsControlInput.h">
      <Filter>Actor\Monster\LothricKnight</Filter>
    </ClInclude>
    <ClInclude Include="Monster_HollowSoldier_RoundShield.h">
      <Filter>Actor\Monster\Hollow</Filter>
    </ClInclude>
    <ClInclude Include="Monster_HollowSoldier_Crossbow.h">
      <Filter>Actor\Monster\Hollow</Filter>
    </ClInclude>
    <ClInclude Include="Monster_HollowSoldier_Spear.h">
      <Filter>Actor\Monster\Hollow</Filter>
    </ClInclude>
    <ClInclude Include="Monster_Hollow_Assassin.h">
      <Filter>Actor\Monster\Hollow</Filter>
    </ClInclude>
    <ClInclude Include="ContentsMouseInput.h">
      <Filter>Actor\Monster\LothricKnight</Filter>
    </ClInclude>
    <ClInclude Include="WorldMap.h">
      <Filter>Map</Filter>
    </ClInclude>
    <ClInclude Include="LUTEffect.h">
      <Filter>PostEffect</Filter>
    </ClInclude>
    <ClInclude Include="HBAOGUI.h">
      <Filter>ImGui\Editor</Filter>
    </ClInclude>
    <ClInclude Include="LUTGUI.h">
      <Filter>ImGui\Editor</Filter>
    </ClInclude>
    <ClInclude Include="UIPlayerGaugeBar.h">
      <Filter>Actor\UI</Filter>
    </ClInclude>
    <ClInclude Include="UIUnit.h">
      <Filter>Actor\UI</Filter>
    </ClInclude>
    <ClInclude Include="MainUIActor.h">
      <Filter>Actor\UI</Filter>
    </ClInclude>
    <ClInclude Include="PlayerValue.h">
      <Filter>Core\Global</Filter>
    </ClInclude>
  </ItemGroup>
  <ItemGroup>
    <Filter Include="Level">
      <UniqueIdentifier>{c9a2e832-8d6b-49de-ac34-3e11f6f95c4b}</UniqueIdentifier>
    </Filter>
    <Filter Include="PreCompile">
      <UniqueIdentifier>{dd6110b4-20ce-49fc-a227-cf45841ae842}</UniqueIdentifier>
    </Filter>
    <Filter Include="Core">
      <UniqueIdentifier>{4e4db126-66fa-40cb-aa19-1a86f89e7c4c}</UniqueIdentifier>
    </Filter>
    <Filter Include="Level\Core">
      <UniqueIdentifier>{89ae2814-cbee-4e6f-a4dd-2977bb6c643a}</UniqueIdentifier>
    </Filter>
    <Filter Include="Level\TestLevel">
      <UniqueIdentifier>{328ee959-35b8-43d9-bd5f-ffc249383c5b}</UniqueIdentifier>
    </Filter>
    <Filter Include="ImGui">
      <UniqueIdentifier>{0ed2a347-3e0b-4fcf-a885-513c3ec4b169}</UniqueIdentifier>
    </Filter>
    <Filter Include="Core\Global">
      <UniqueIdentifier>{ca09bba4-fac2-48d7-bd82-8680ddecfb32}</UniqueIdentifier>
    </Filter>
    <Filter Include="Map">
      <UniqueIdentifier>{afdebdbe-54a1-4db9-8273-84561c171924}</UniqueIdentifier>
    </Filter>
    <Filter Include="Net">
      <UniqueIdentifier>{3a7885fe-0f84-4a6a-9989-d926b4ac8f61}</UniqueIdentifier>
    </Filter>
    <Filter Include="Net\Packet">
      <UniqueIdentifier>{12126f42-9291-48ee-8034-ca565f71da15}</UniqueIdentifier>
    </Filter>
    <Filter Include="ImGui\Editor">
      <UniqueIdentifier>{22360345-3c92-4fb6-b5f0-27066f4f3cf7}</UniqueIdentifier>
    </Filter>
    <Filter Include="Math">
      <UniqueIdentifier>{01b37953-7e3c-425b-a8b8-9e818571d653}</UniqueIdentifier>
    </Filter>
    <Filter Include="Resource">
      <UniqueIdentifier>{9aefbf7a-bf2d-46f1-9515-0eda66f09cb4}</UniqueIdentifier>
    </Filter>
    <Filter Include="Resource\Renderer">
      <UniqueIdentifier>{781099ec-31b3-4c0c-8941-80d28daaf927}</UniqueIdentifier>
    </Filter>
    <Filter Include="ImGui\Window">
      <UniqueIdentifier>{dc68858f-391b-4957-80a7-e101690cead0}</UniqueIdentifier>
    </Filter>
    <Filter Include="ImGui\Editor\FrameEvent">
      <UniqueIdentifier>{9b67aff6-631c-41f5-b70f-b2ed5bf0a4dd}</UniqueIdentifier>
    </Filter>
    <Filter Include="Actor">
      <UniqueIdentifier>{69024302-ace0-45ec-b90f-4d1d81ceff46}</UniqueIdentifier>
    </Filter>
    <Filter Include="Actor\Monster">
      <UniqueIdentifier>{7a950f5c-8494-425d-9a23-cc3249540e78}</UniqueIdentifier>
    </Filter>
    <Filter Include="Actor\Monster\Boss">
      <UniqueIdentifier>{d31c8efa-c6aa-4bf2-ae36-cb2f4cdf288c}</UniqueIdentifier>
    </Filter>
    <Filter Include="Actor\Monster\LothricKnight">
      <UniqueIdentifier>{cd9c89d7-8afc-44e4-ab5c-adcca32c36d0}</UniqueIdentifier>
    </Filter>
    <Filter Include="Actor\Monster\Hollow">
      <UniqueIdentifier>{d4c245a2-3270-417d-810e-ce6e0c363efe}</UniqueIdentifier>
    </Filter>
    <Filter Include="Actor\Player">
      <UniqueIdentifier>{a161891d-57fb-4a2c-96bf-522529e04c95}</UniqueIdentifier>
    </Filter>
    <Filter Include="Actor\UI">
      <UniqueIdentifier>{f286ce73-744d-4f73-98b1-957bff451289}</UniqueIdentifier>
    </Filter>
    <Filter Include="Actor\Monster\Component">
      <UniqueIdentifier>{20ef003c-31cf-4935-939c-83cd89462723}</UniqueIdentifier>
    </Filter>
    <Filter Include="PostEffect">
      <UniqueIdentifier>{0908c021-de83-47a2-af52-678a47c6fbb3}</UniqueIdentifier>
    </Filter>
  </ItemGroup>
</Project>