<?xml version="1.0" encoding="utf-8"?>
<Project ToolsVersion="4.0" xmlns="http://schemas.microsoft.com/developer/msbuild/2003">
  <ItemGroup>
    <ClCompile Include="GameEngineDebug.cpp" />
    <ClCompile Include="GameEngineRandom.cpp" />
    <ClCompile Include="GameEngineString.cpp" />
    <ClCompile Include="GameEngineMath.cpp" />
    <ClCompile Include="GameEngineTime.cpp" />
    <ClCompile Include="GameEnginePath.cpp" />
    <ClCompile Include="GameEngineDirectory.cpp" />
    <ClCompile Include="GameEngineFile.cpp" />
    <ClCompile Include="PreCompile.cpp">
      <Filter>PreCompile</Filter>
    </ClCompile>
    <ClCompile Include="GameEngineSerializer.cpp" />
    <ClCompile Include="GameEngineThreadJobQueue.cpp">
      <Filter>Thread</Filter>
    </ClCompile>
    <ClCompile Include="GameEngineThread.cpp">
      <Filter>Thread</Filter>
    </ClCompile>
    <ClCompile Include="GameEngineNet.cpp">
      <Filter>Server</Filter>
    </ClCompile>
    <ClCompile Include="GameEngineNetClient.cpp">
      <Filter>Server</Filter>
    </ClCompile>
    <ClCompile Include="GameEngineNetServer.cpp">
      <Filter>Server</Filter>
    </ClCompile>
    <ClCompile Include="GameEngineNetObject.cpp">
      <Filter>Server</Filter>
    </ClCompile>
    <ClCompile Include="GameEnginePacket.cpp">
      <Filter>Server</Filter>
    </ClCompile>
    <ClCompile Include="GameEngineDispatcher.cpp">
      <Filter>Server</Filter>
    </ClCompile>
  </ItemGroup>
  <ItemGroup>
    <ClInclude Include="GameEngineDebug.h" />
    <ClInclude Include="GameEngineRandom.h" />
    <ClInclude Include="GameEngineString.h" />
    <ClInclude Include="GameEngineMath.h" />
    <ClInclude Include="GameEngineTime.h" />
    <ClInclude Include="GameEnginePath.h" />
    <ClInclude Include="GameEngineDirectory.h" />
    <ClInclude Include="GameEngineFile.h" />
    <ClInclude Include="PreCompile.h">
      <Filter>PreCompile</Filter>
    </ClInclude>
    <ClInclude Include="GameEngineSerializer.h" />
    <ClInclude Include="GameEngineThreadJobQueue.h">
      <Filter>Thread</Filter>
    </ClInclude>
    <ClInclude Include="GameEngineThread.h">
      <Filter>Thread</Filter>
    </ClInclude>
    <ClInclude Include="GameEngineNet.h">
      <Filter>Server</Filter>
    </ClInclude>
    <ClInclude Include="GameEngineNetClient.h">
      <Filter>Server</Filter>
    </ClInclude>
    <ClInclude Include="GameEngineNetServer.h">
      <Filter>Server</Filter>
    </ClInclude>
    <ClInclude Include="GameEngineNetObject.h">
      <Filter>Server</Filter>
    </ClInclude>
    <ClInclude Include="GameEnginePacket.h">
      <Filter>Server</Filter>
    </ClInclude>
    <ClInclude Include="GameEngineDispatcher.h">
      <Filter>Server</Filter>
    </ClInclude>
  </ItemGroup>
  <ItemGroup>
    <Filter Include="PreCompile">
      <UniqueIdentifier>{ddb4fe43-a346-43ef-84f6-27740125d03c}</UniqueIdentifier>
    </Filter>
    <Filter Include="Thread">
      <UniqueIdentifier>{96c80d02-6e5d-410e-aacc-7539e77b28e8}</UniqueIdentifier>
    </Filter>
    <Filter Include="Server">
      <UniqueIdentifier>{7391c7b1-8764-4892-a34f-dcf419550a9d}</UniqueIdentifier>
    </Filter>
  </ItemGroup>
</Project>